// !$*UTF8*$!
{
	archiveVersion = 1;
	classes = {
	};
	objectVersion = 56;
	objects = {

/* Begin PBXBuildFile section */
		AE1580822A492231009176F3 /* AppDelegate.swift in Sources */ = {isa = PBXBuildFile; fileRef = AE1580812A492231009176F3 /* AppDelegate.swift */; };
		AE1580842A492231009176F3 /* SceneDelegate.swift in Sources */ = {isa = PBXBuildFile; fileRef = AE1580832A492231009176F3 /* SceneDelegate.swift */; };
		AE1580862A492231009176F3 /* ViewController.swift in Sources */ = {isa = PBXBuildFile; fileRef = AE1580852A492231009176F3 /* ViewController.swift */; };
		AE1580892A492231009176F3 /* Main.storyboard in Resources */ = {isa = PBXBuildFile; fileRef = AE1580872A492231009176F3 /* Main.storyboard */; };
		AE15808B2A492231009176F3 /* Assets.xcassets in Resources */ = {isa = PBXBuildFile; fileRef = AE15808A2A492231009176F3 /* Assets.xcassets */; };
		AE15808E2A492231009176F3 /* LaunchScreen.storyboard in Resources */ = {isa = PBXBuildFile; fileRef = AE15808C2A492231009176F3 /* LaunchScreen.storyboard */; };
		AE1580992A492231009176F3 /* frontTests.swift in Sources */ = {isa = PBXBuildFile; fileRef = AE1580982A492231009176F3 /* frontTests.swift */; };
		AE1580A32A492231009176F3 /* frontUITests.swift in Sources */ = {isa = PBXBuildFile; fileRef = AE1580A22A492231009176F3 /* frontUITests.swift */; };
		AE1580A52A492231009176F3 /* frontUITestsLaunchTests.swift in Sources */ = {isa = PBXBuildFile; fileRef = AE1580A42A492231009176F3 /* frontUITestsLaunchTests.swift */; };
/* End PBXBuildFile section */

/* Begin PBXContainerItemProxy section */
		AE1580952A492231009176F3 /* PBXContainerItemProxy */ = {
			isa = PBXContainerItemProxy;
			containerPortal = AE1580762A492231009176F3 /* Project object */;
			proxyType = 1;
			remoteGlobalIDString = AE15807D2A492231009176F3;
			remoteInfo = front;
		};
		AE15809F2A492231009176F3 /* PBXContainerItemProxy */ = {
			isa = PBXContainerItemProxy;
			containerPortal = AE1580762A492231009176F3 /* Project object */;
			proxyType = 1;
			remoteGlobalIDString = AE15807D2A492231009176F3;
			remoteInfo = front;
		};
/* End PBXContainerItemProxy section */

/* Begin PBXFileReference section */
		AE15807E2A492231009176F3 /* front.app */ = {isa = PBXFileReference; explicitFileType = wrapper.application; includeInIndex = 0; path = front.app; sourceTree = BUILT_PRODUCTS_DIR; };
		AE1580812A492231009176F3 /* AppDelegate.swift */ = {isa = PBXFileReference; lastKnownFileType = sourcecode.swift; path = AppDelegate.swift; sourceTree = "<group>"; };
		AE1580832A492231009176F3 /* SceneDelegate.swift */ = {isa = PBXFileReference; lastKnownFileType = sourcecode.swift; path = SceneDelegate.swift; sourceTree = "<group>"; };
		AE1580852A492231009176F3 /* ViewController.swift */ = {isa = PBXFileReference; lastKnownFileType = sourcecode.swift; path = ViewController.swift; sourceTree = "<group>"; };
		AE1580882A492231009176F3 /* Base */ = {isa = PBXFileReference; lastKnownFileType = file.storyboard; name = Base; path = Base.lproj/Main.storyboard; sourceTree = "<group>"; };
		AE15808A2A492231009176F3 /* Assets.xcassets */ = {isa = PBXFileReference; lastKnownFileType = folder.assetcatalog; path = Assets.xcassets; sourceTree = "<group>"; };
		AE15808D2A492231009176F3 /* Base */ = {isa = PBXFileReference; lastKnownFileType = file.storyboard; name = Base; path = Base.lproj/LaunchScreen.storyboard; sourceTree = "<group>"; };
		AE15808F2A492231009176F3 /* Info.plist */ = {isa = PBXFileReference; lastKnownFileType = text.plist.xml; path = Info.plist; sourceTree = "<group>"; };
		AE1580942A492231009176F3 /* frontTests.xctest */ = {isa = PBXFileReference; explicitFileType = wrapper.cfbundle; includeInIndex = 0; path = frontTests.xctest; sourceTree = BUILT_PRODUCTS_DIR; };
		AE1580982A492231009176F3 /* frontTests.swift */ = {isa = PBXFileReference; lastKnownFileType = sourcecode.swift; path = frontTests.swift; sourceTree = "<group>"; };
		AE15809E2A492231009176F3 /* frontUITests.xctest */ = {isa = PBXFileReference; explicitFileType = wrapper.cfbundle; includeInIndex = 0; path = frontUITests.xctest; sourceTree = BUILT_PRODUCTS_DIR; };
		AE1580A22A492231009176F3 /* frontUITests.swift */ = {isa = PBXFileReference; lastKnownFileType = sourcecode.swift; path = frontUITests.swift; sourceTree = "<group>"; };
		AE1580A42A492231009176F3 /* frontUITestsLaunchTests.swift */ = {isa = PBXFileReference; lastKnownFileType = sourcecode.swift; path = frontUITestsLaunchTests.swift; sourceTree = "<group>"; };
/* End PBXFileReference section */

/* Begin PBXFrameworksBuildPhase section */
		AE15807B2A492231009176F3 /* Frameworks */ = {
			isa = PBXFrameworksBuildPhase;
			buildActionMask = 2147483647;
			files = (
			);
			runOnlyForDeploymentPostprocessing = 0;
		};
		AE1580912A492231009176F3 /* Frameworks */ = {
			isa = PBXFrameworksBuildPhase;
			buildActionMask = 2147483647;
			files = (
			);
			runOnlyForDeploymentPostprocessing = 0;
		};
		AE15809B2A492231009176F3 /* Frameworks */ = {
			isa = PBXFrameworksBuildPhase;
			buildActionMask = 2147483647;
			files = (
			);
			runOnlyForDeploymentPostprocessing = 0;
		};
/* End PBXFrameworksBuildPhase section */

/* Begin PBXGroup section */
		AE1580752A492231009176F3 = {
			isa = PBXGroup;
			children = (
				AE1580802A492231009176F3 /* front */,
				AE1580972A492231009176F3 /* frontTests */,
				AE1580A12A492231009176F3 /* frontUITests */,
				AE15807F2A492231009176F3 /* Products */,
			);
			sourceTree = "<group>";
		};
		AE15807F2A492231009176F3 /* Products */ = {
			isa = PBXGroup;
			children = (
				AE15807E2A492231009176F3 /* front.app */,
				AE1580942A492231009176F3 /* frontTests.xctest */,
				AE15809E2A492231009176F3 /* frontUITests.xctest */,
			);
			name = Products;
			sourceTree = "<group>";
		};
		AE1580802A492231009176F3 /* front */ = {
			isa = PBXGroup;
			children = (
				AE1580812A492231009176F3 /* AppDelegate.swift */,
				AE1580832A492231009176F3 /* SceneDelegate.swift */,
				AE1580852A492231009176F3 /* ViewController.swift */,
				AE1580872A492231009176F3 /* Main.storyboard */,
				AE15808A2A492231009176F3 /* Assets.xcassets */,
				AE15808C2A492231009176F3 /* LaunchScreen.storyboard */,
				AE15808F2A492231009176F3 /* Info.plist */,
			);
			path = front;
			sourceTree = "<group>";
		};
		AE1580972A492231009176F3 /* frontTests */ = {
			isa = PBXGroup;
			children = (
				AE1580982A492231009176F3 /* frontTests.swift */,
			);
			path = frontTests;
			sourceTree = "<group>";
		};
		AE1580A12A492231009176F3 /* frontUITests */ = {
			isa = PBXGroup;
			children = (
				AE1580A22A492231009176F3 /* frontUITests.swift */,
				AE1580A42A492231009176F3 /* frontUITestsLaunchTests.swift */,
			);
			path = frontUITests;
			sourceTree = "<group>";
		};
/* End PBXGroup section */

/* Begin PBXNativeTarget section */
		AE15807D2A492231009176F3 /* front */ = {
			isa = PBXNativeTarget;
			buildConfigurationList = AE1580A82A492231009176F3 /* Build configuration list for PBXNativeTarget "front" */;
			buildPhases = (
				AE15807A2A492231009176F3 /* Sources */,
				AE15807B2A492231009176F3 /* Frameworks */,
				AE15807C2A492231009176F3 /* Resources */,
			);
			buildRules = (
			);
			dependencies = (
			);
			name = front;
			productName = front;
			productReference = AE15807E2A492231009176F3 /* front.app */;
			productType = "com.apple.product-type.application";
		};
		AE1580932A492231009176F3 /* frontTests */ = {
			isa = PBXNativeTarget;
			buildConfigurationList = AE1580AB2A492231009176F3 /* Build configuration list for PBXNativeTarget "frontTests" */;
			buildPhases = (
				AE1580902A492231009176F3 /* Sources */,
				AE1580912A492231009176F3 /* Frameworks */,
				AE1580922A492231009176F3 /* Resources */,
			);
			buildRules = (
			);
			dependencies = (
				AE1580962A492231009176F3 /* PBXTargetDependency */,
			);
			name = frontTests;
			productName = frontTests;
			productReference = AE1580942A492231009176F3 /* frontTests.xctest */;
			productType = "com.apple.product-type.bundle.unit-test";
		};
		AE15809D2A492231009176F3 /* frontUITests */ = {
			isa = PBXNativeTarget;
			buildConfigurationList = AE1580AE2A492231009176F3 /* Build configuration list for PBXNativeTarget "frontUITests" */;
			buildPhases = (
				AE15809A2A492231009176F3 /* Sources */,
				AE15809B2A492231009176F3 /* Frameworks */,
				AE15809C2A492231009176F3 /* Resources */,
			);
			buildRules = (
			);
			dependencies = (
				AE1580A02A492231009176F3 /* PBXTargetDependency */,
			);
			name = frontUITests;
			productName = frontUITests;
			productReference = AE15809E2A492231009176F3 /* frontUITests.xctest */;
			productType = "com.apple.product-type.bundle.ui-testing";
		};
/* End PBXNativeTarget section */

/* Begin PBXProject section */
		AE1580762A492231009176F3 /* Project object */ = {
			isa = PBXProject;
			attributes = {
				BuildIndependentTargetsInParallel = 1;
				LastSwiftUpdateCheck = 1430;
				LastUpgradeCheck = 1430;
				TargetAttributes = {
					AE15807D2A492231009176F3 = {
						CreatedOnToolsVersion = 14.3.1;
					};
					AE1580932A492231009176F3 = {
						CreatedOnToolsVersion = 14.3.1;
						TestTargetID = AE15807D2A492231009176F3;
					};
					AE15809D2A492231009176F3 = {
						CreatedOnToolsVersion = 14.3.1;
						TestTargetID = AE15807D2A492231009176F3;
					};
				};
			};
			buildConfigurationList = AE1580792A492231009176F3 /* Build configuration list for PBXProject "front" */;
			compatibilityVersion = "Xcode 14.0";
			developmentRegion = en;
			hasScannedForEncodings = 0;
			knownRegions = (
				en,
				Base,
			);
			mainGroup = AE1580752A492231009176F3;
			productRefGroup = AE15807F2A492231009176F3 /* Products */;
			projectDirPath = "";
			projectRoot = "";
			targets = (
				AE15807D2A492231009176F3 /* front */,
				AE1580932A492231009176F3 /* frontTests */,
				AE15809D2A492231009176F3 /* frontUITests */,
			);
		};
/* End PBXProject section */

/* Begin PBXResourcesBuildPhase section */
		AE15807C2A492231009176F3 /* Resources */ = {
			isa = PBXResourcesBuildPhase;
			buildActionMask = 2147483647;
			files = (
				AE15808E2A492231009176F3 /* LaunchScreen.storyboard in Resources */,
				AE15808B2A492231009176F3 /* Assets.xcassets in Resources */,
				AE1580892A492231009176F3 /* Main.storyboard in Resources */,
			);
			runOnlyForDeploymentPostprocessing = 0;
		};
		AE1580922A492231009176F3 /* Resources */ = {
			isa = PBXResourcesBuildPhase;
			buildActionMask = 2147483647;
			files = (
			);
			runOnlyForDeploymentPostprocessing = 0;
		};
		AE15809C2A492231009176F3 /* Resources */ = {
			isa = PBXResourcesBuildPhase;
			buildActionMask = 2147483647;
			files = (
			);
			runOnlyForDeploymentPostprocessing = 0;
		};
/* End PBXResourcesBuildPhase section */

/* Begin PBXSourcesBuildPhase section */
		AE15807A2A492231009176F3 /* Sources */ = {
			isa = PBXSourcesBuildPhase;
			buildActionMask = 2147483647;
			files = (
				AE1580862A492231009176F3 /* ViewController.swift in Sources */,
				AE1580822A492231009176F3 /* AppDelegate.swift in Sources */,
				AE1580842A492231009176F3 /* SceneDelegate.swift in Sources */,
			);
			runOnlyForDeploymentPostprocessing = 0;
		};
		AE1580902A492231009176F3 /* Sources */ = {
			isa = PBXSourcesBuildPhase;
			buildActionMask = 2147483647;
			files = (
				AE1580992A492231009176F3 /* frontTests.swift in Sources */,
			);
			runOnlyForDeploymentPostprocessing = 0;
		};
		AE15809A2A492231009176F3 /* Sources */ = {
			isa = PBXSourcesBuildPhase;
			buildActionMask = 2147483647;
			files = (
				AE1580A52A492231009176F3 /* frontUITestsLaunchTests.swift in Sources */,
				AE1580A32A492231009176F3 /* frontUITests.swift in Sources */,
			);
			runOnlyForDeploymentPostprocessing = 0;
		};
/* End PBXSourcesBuildPhase section */

/* Begin PBXTargetDependency section */
		AE1580962A492231009176F3 /* PBXTargetDependency */ = {
			isa = PBXTargetDependency;
			target = AE15807D2A492231009176F3 /* front */;
			targetProxy = AE1580952A492231009176F3 /* PBXContainerItemProxy */;
		};
		AE1580A02A492231009176F3 /* PBXTargetDependency */ = {
			isa = PBXTargetDependency;
			target = AE15807D2A492231009176F3 /* front */;
			targetProxy = AE15809F2A492231009176F3 /* PBXContainerItemProxy */;
		};
/* End PBXTargetDependency section */

/* Begin PBXVariantGroup section */
		AE1580872A492231009176F3 /* Main.storyboard */ = {
			isa = PBXVariantGroup;
			children = (
				AE1580882A492231009176F3 /* Base */,
			);
			name = Main.storyboard;
			sourceTree = "<group>";
		};
		AE15808C2A492231009176F3 /* LaunchScreen.storyboard */ = {
			isa = PBXVariantGroup;
			children = (
				AE15808D2A492231009176F3 /* Base */,
			);
			name = LaunchScreen.storyboard;
			sourceTree = "<group>";
		};
/* End PBXVariantGroup section */

/* Begin XCBuildConfiguration section */
		AE1580A62A492231009176F3 /* Debug */ = {
			isa = XCBuildConfiguration;
			buildSettings = {
				ALWAYS_SEARCH_USER_PATHS = NO;
				CLANG_ANALYZER_NONNULL = YES;
				CLANG_ANALYZER_NUMBER_OBJECT_CONVERSION = YES_AGGRESSIVE;
				CLANG_CXX_LANGUAGE_STANDARD = "gnu++20";
				CLANG_ENABLE_MODULES = YES;
				CLANG_ENABLE_OBJC_ARC = YES;
				CLANG_ENABLE_OBJC_WEAK = YES;
				CLANG_WARN_BLOCK_CAPTURE_AUTORELEASING = YES;
				CLANG_WARN_BOOL_CONVERSION = YES;
				CLANG_WARN_COMMA = YES;
				CLANG_WARN_CONSTANT_CONVERSION = YES;
				CLANG_WARN_DEPRECATED_OBJC_IMPLEMENTATIONS = YES;
				CLANG_WARN_DIRECT_OBJC_ISA_USAGE = YES_ERROR;
				CLANG_WARN_DOCUMENTATION_COMMENTS = YES;
				CLANG_WARN_EMPTY_BODY = YES;
				CLANG_WARN_ENUM_CONVERSION = YES;
				CLANG_WARN_INFINITE_RECURSION = YES;
				CLANG_WARN_INT_CONVERSION = YES;
				CLANG_WARN_NON_LITERAL_NULL_CONVERSION = YES;
				CLANG_WARN_OBJC_IMPLICIT_RETAIN_SELF = YES;
				CLANG_WARN_OBJC_LITERAL_CONVERSION = YES;
				CLANG_WARN_OBJC_ROOT_CLASS = YES_ERROR;
				CLANG_WARN_QUOTED_INCLUDE_IN_FRAMEWORK_HEADER = YES;
				CLANG_WARN_RANGE_LOOP_ANALYSIS = YES;
				CLANG_WARN_STRICT_PROTOTYPES = YES;
				CLANG_WARN_SUSPICIOUS_MOVE = YES;
				CLANG_WARN_UNGUARDED_AVAILABILITY = YES_AGGRESSIVE;
				CLANG_WARN_UNREACHABLE_CODE = YES;
				CLANG_WARN__DUPLICATE_METHOD_MATCH = YES;
				COPY_PHASE_STRIP = NO;
				DEBUG_INFORMATION_FORMAT = dwarf;
				ENABLE_STRICT_OBJC_MSGSEND = YES;
				ENABLE_TESTABILITY = YES;
				GCC_C_LANGUAGE_STANDARD = gnu11;
				GCC_DYNAMIC_NO_PIC = NO;
				GCC_NO_COMMON_BLOCKS = YES;
				GCC_OPTIMIZATION_LEVEL = 0;
				GCC_PREPROCESSOR_DEFINITIONS = (
					"DEBUG=1",
					"$(inherited)",
				);
				GCC_WARN_64_TO_32_BIT_CONVERSION = YES;
				GCC_WARN_ABOUT_RETURN_TYPE = YES_ERROR;
				GCC_WARN_UNDECLARED_SELECTOR = YES;
				GCC_WARN_UNINITIALIZED_AUTOS = YES_AGGRESSIVE;
				GCC_WARN_UNUSED_FUNCTION = YES;
				GCC_WARN_UNUSED_VARIABLE = YES;
				IPHONEOS_DEPLOYMENT_TARGET = 16.4;
				MTL_ENABLE_DEBUG_INFO = INCLUDE_SOURCE;
				MTL_FAST_MATH = YES;
				ONLY_ACTIVE_ARCH = YES;
				SDKROOT = iphoneos;
				SWIFT_ACTIVE_COMPILATION_CONDITIONS = DEBUG;
				SWIFT_OPTIMIZATION_LEVEL = "-Onone";
			};
			name = Debug;
		};
		AE1580A72A492231009176F3 /* Release */ = {
			isa = XCBuildConfiguration;
			buildSettings = {
				ALWAYS_SEARCH_USER_PATHS = NO;
				CLANG_ANALYZER_NONNULL = YES;
				CLANG_ANALYZER_NUMBER_OBJECT_CONVERSION = YES_AGGRESSIVE;
				CLANG_CXX_LANGUAGE_STANDARD = "gnu++20";
				CLANG_ENABLE_MODULES = YES;
				CLANG_ENABLE_OBJC_ARC = YES;
				CLANG_ENABLE_OBJC_WEAK = YES;
				CLANG_WARN_BLOCK_CAPTURE_AUTORELEASING = YES;
				CLANG_WARN_BOOL_CONVERSION = YES;
				CLANG_WARN_COMMA = YES;
				CLANG_WARN_CONSTANT_CONVERSION = YES;
				CLANG_WARN_DEPRECATED_OBJC_IMPLEMENTATIONS = YES;
				CLANG_WARN_DIRECT_OBJC_ISA_USAGE = YES_ERROR;
				CLANG_WARN_DOCUMENTATION_COMMENTS = YES;
				CLANG_WARN_EMPTY_BODY = YES;
				CLANG_WARN_ENUM_CONVERSION = YES;
				CLANG_WARN_INFINITE_RECURSION = YES;
				CLANG_WARN_INT_CONVERSION = YES;
				CLANG_WARN_NON_LITERAL_NULL_CONVERSION = YES;
				CLANG_WARN_OBJC_IMPLICIT_RETAIN_SELF = YES;
				CLANG_WARN_OBJC_LITERAL_CONVERSION = YES;
				CLANG_WARN_OBJC_ROOT_CLASS = YES_ERROR;
				CLANG_WARN_QUOTED_INCLUDE_IN_FRAMEWORK_HEADER = YES;
				CLANG_WARN_RANGE_LOOP_ANALYSIS = YES;
				CLANG_WARN_STRICT_PROTOTYPES = YES;
				CLANG_WARN_SUSPICIOUS_MOVE = YES;
				CLANG_WARN_UNGUARDED_AVAILABILITY = YES_AGGRESSIVE;
				CLANG_WARN_UNREACHABLE_CODE = YES;
				CLANG_WARN__DUPLICATE_METHOD_MATCH = YES;
				COPY_PHASE_STRIP = NO;
				DEBUG_INFORMATION_FORMAT = "dwarf-with-dsym";
				ENABLE_NS_ASSERTIONS = NO;
				ENABLE_STRICT_OBJC_MSGSEND = YES;
				GCC_C_LANGUAGE_STANDARD = gnu11;
				GCC_NO_COMMON_BLOCKS = YES;
				GCC_WARN_64_TO_32_BIT_CONVERSION = YES;
				GCC_WARN_ABOUT_RETURN_TYPE = YES_ERROR;
				GCC_WARN_UNDECLARED_SELECTOR = YES;
				GCC_WARN_UNINITIALIZED_AUTOS = YES_AGGRESSIVE;
				GCC_WARN_UNUSED_FUNCTION = YES;
				GCC_WARN_UNUSED_VARIABLE = YES;
				IPHONEOS_DEPLOYMENT_TARGET = 16.4;
				MTL_ENABLE_DEBUG_INFO = NO;
				MTL_FAST_MATH = YES;
				SDKROOT = iphoneos;
				SWIFT_COMPILATION_MODE = wholemodule;
				SWIFT_OPTIMIZATION_LEVEL = "-O";
				VALIDATE_PRODUCT = YES;
			};
			name = Release;
		};
		AE1580A92A492231009176F3 /* Debug */ = {
			isa = XCBuildConfiguration;
			buildSettings = {
				ASSETCATALOG_COMPILER_APPICON_NAME = AppIcon;
				ASSETCATALOG_COMPILER_GLOBAL_ACCENT_COLOR_NAME = AccentColor;
				CODE_SIGN_STYLE = Automatic;
				CURRENT_PROJECT_VERSION = 1;
				GENERATE_INFOPLIST_FILE = YES;
				INFOPLIST_FILE = front/Info.plist;
				INFOPLIST_KEY_UIApplicationSupportsIndirectInputEvents = YES;
				INFOPLIST_KEY_UILaunchStoryboardName = LaunchScreen;
				INFOPLIST_KEY_UIMainStoryboardFile = Main;
				INFOPLIST_KEY_UISupportedInterfaceOrientations_iPad = "UIInterfaceOrientationPortrait UIInterfaceOrientationPortraitUpsideDown UIInterfaceOrientationLandscapeLeft UIInterfaceOrientationLandscapeRight";
				INFOPLIST_KEY_UISupportedInterfaceOrientations_iPhone = "UIInterfaceOrientationPortrait UIInterfaceOrientationLandscapeLeft UIInterfaceOrientationLandscapeRight";
				LD_RUNPATH_SEARCH_PATHS = (
					"$(inherited)",
					"@executable_path/Frameworks",
				);
				MARKETING_VERSION = 1.0;
				PRODUCT_BUNDLE_IDENTIFIER = yun.academy.front;
				PRODUCT_NAME = "$(TARGET_NAME)";
				SWIFT_EMIT_LOC_STRINGS = YES;
				SWIFT_VERSION = 5.0;
				TARGETED_DEVICE_FAMILY = "1,2";
			};
			name = Debug;
		};
		AE1580AA2A492231009176F3 /* Release */ = {
			isa = XCBuildConfiguration;
			buildSettings = {
				ASSETCATALOG_COMPILER_APPICON_NAME = AppIcon;
				ASSETCATALOG_COMPILER_GLOBAL_ACCENT_COLOR_NAME = AccentColor;
				CODE_SIGN_STYLE = Automatic;
				CURRENT_PROJECT_VERSION = 1;
				GENERATE_INFOPLIST_FILE = YES;
				INFOPLIST_FILE = front/Info.plist;
				INFOPLIST_KEY_UIApplicationSupportsIndirectInputEvents = YES;
				INFOPLIST_KEY_UILaunchStoryboardName = LaunchScreen;
				INFOPLIST_KEY_UIMainStoryboardFile = Main;
				INFOPLIST_KEY_UISupportedInterfaceOrientations_iPad = "UIInterfaceOrientationPortrait UIInterfaceOrientationPortraitUpsideDown UIInterfaceOrientationLandscapeLeft UIInterfaceOrientationLandscapeRight";
				INFOPLIST_KEY_UISupportedInterfaceOrientations_iPhone = "UIInterfaceOrientationPortrait UIInterfaceOrientationLandscapeLeft UIInterfaceOrientationLandscapeRight";
				LD_RUNPATH_SEARCH_PATHS = (
					"$(inherited)",
					"@executable_path/Frameworks",
				);
				MARKETING_VERSION = 1.0;
				PRODUCT_BUNDLE_IDENTIFIER = yun.academy.front;
				PRODUCT_NAME = "$(TARGET_NAME)";
				SWIFT_EMIT_LOC_STRINGS = YES;
				SWIFT_VERSION = 5.0;
				TARGETED_DEVICE_FAMILY = "1,2";
			};
			name = Release;
		};
		AE1580AC2A492231009176F3 /* Debug */ = {
			isa = XCBuildConfiguration;
			buildSettings = {
				ALWAYS_EMBED_SWIFT_STANDARD_LIBRARIES = YES;
				BUNDLE_LOADER = "$(TEST_HOST)";
				CODE_SIGN_STYLE = Automatic;
				CURRENT_PROJECT_VERSION = 1;
				GENERATE_INFOPLIST_FILE = YES;
				IPHONEOS_DEPLOYMENT_TARGET = 16.4;
				MARKETING_VERSION = 1.0;
				PRODUCT_BUNDLE_IDENTIFIER = yun.academy.frontTests;
				PRODUCT_NAME = "$(TARGET_NAME)";
				SWIFT_EMIT_LOC_STRINGS = NO;
				SWIFT_VERSION = 5.0;
				TARGETED_DEVICE_FAMILY = "1,2";
				TEST_HOST = "$(BUILT_PRODUCTS_DIR)/front.app/$(BUNDLE_EXECUTABLE_FOLDER_PATH)/front";
			};
			name = Debug;
		};
		AE1580AD2A492231009176F3 /* Release */ = {
			isa = XCBuildConfiguration;
			buildSettings = {
				ALWAYS_EMBED_SWIFT_STANDARD_LIBRARIES = YES;
				BUNDLE_LOADER = "$(TEST_HOST)";
				CODE_SIGN_STYLE = Automatic;
				CURRENT_PROJECT_VERSION = 1;
				GENERATE_INFOPLIST_FILE = YES;
				IPHONEOS_DEPLOYMENT_TARGET = 16.4;
				MARKETING_VERSION = 1.0;
				PRODUCT_BUNDLE_IDENTIFIER = yun.academy.frontTests;
				PRODUCT_NAME = "$(TARGET_NAME)";
				SWIFT_EMIT_LOC_STRINGS = NO;
				SWIFT_VERSION = 5.0;
				TARGETED_DEVICE_FAMILY = "1,2";
				TEST_HOST = "$(BUILT_PRODUCTS_DIR)/front.app/$(BUNDLE_EXECUTABLE_FOLDER_PATH)/front";
			};
			name = Release;
		};
		AE1580AF2A492231009176F3 /* Debug */ = {
			isa = XCBuildConfiguration;
			buildSettings = {
				ALWAYS_EMBED_SWIFT_STANDARD_LIBRARIES = YES;
				CODE_SIGN_STYLE = Automatic;
				CURRENT_PROJECT_VERSION = 1;
				GENERATE_INFOPLIST_FILE = YES;
				MARKETING_VERSION = 1.0;
				PRODUCT_BUNDLE_IDENTIFIER = yun.academy.frontUITests;
				PRODUCT_NAME = "$(TARGET_NAME)";
				SWIFT_EMIT_LOC_STRINGS = NO;
				SWIFT_VERSION = 5.0;
				TARGETED_DEVICE_FAMILY = "1,2";
				TEST_TARGET_NAME = front;
			};
			name = Debug;
		};
		AE1580B02A492231009176F3 /* Release */ = {
			isa = XCBuildConfiguration;
			buildSettings = {
				ALWAYS_EMBED_SWIFT_STANDARD_LIBRARIES = YES;
				CODE_SIGN_STYLE = Automatic;
				CURRENT_PROJECT_VERSION = 1;
				GENERATE_INFOPLIST_FILE = YES;
				MARKETING_VERSION = 1.0;
				PRODUCT_BUNDLE_IDENTIFIER = yun.academy.frontUITests;
				PRODUCT_NAME = "$(TARGET_NAME)";
				SWIFT_EMIT_LOC_STRINGS = NO;
				SWIFT_VERSION = 5.0;
				TARGETED_DEVICE_FAMILY = "1,2";
				TEST_TARGET_NAME = front;
			};
			name = Release;
		};
/* End XCBuildConfiguration section */

/* Begin XCConfigurationList section */
		AE1580792A492231009176F3 /* Build configuration list for PBXProject "front" */ = {
			isa = XCConfigurationList;
			buildConfigurations = (
				AE1580A62A492231009176F3 /* Debug */,
				AE1580A72A492231009176F3 /* Release */,
			);
			defaultConfigurationIsVisible = 0;
			defaultConfigurationName = Release;
		};
		AE1580A82A492231009176F3 /* Build configuration list for PBXNativeTarget "front" */ = {
			isa = XCConfigurationList;
			buildConfigurations = (
				AE1580A92A492231009176F3 /* Debug */,
				AE1580AA2A492231009176F3 /* Release */,
			);
			defaultConfigurationIsVisible = 0;
			defaultConfigurationName = Release;
		};
		AE1580AB2A492231009176F3 /* Build configuration list for PBXNativeTarget "frontTests" */ = {
			isa = XCConfigurationList;
			buildConfigurations = (
				AE1580AC2A492231009176F3 /* Debug */,
				AE1580AD2A492231009176F3 /* Release */,
			);
			defaultConfigurationIsVisible = 0;
			defaultConfigurationName = Release;
		};
		AE1580AE2A492231009176F3 /* Build configuration list for PBXNativeTarget "frontUITests" */ = {
			isa = XCConfigurationList;
			buildConfigurations = (
				AE1580AF2A492231009176F3 /* Debug */,
				AE1580B02A492231009176F3 /* Release */,
			);
			defaultConfigurationIsVisible = 0;
			defaultConfigurationName = Release;
		};
/* End XCConfigurationList section */
	};
	rootObject = AE1580762A492231009176F3 /* Project object */;
}
