// !$*UTF8*$!
{
	archiveVersion = 1;
	classes = {
	};
	objectVersion = 56;
	objects = {

/* Begin PBXBuildFile section */
		AE6984252A39E16D00DBD36B /* AppDelegate.swift in Sources */ = {isa = PBXBuildFile; fileRef = AE6984242A39E16D00DBD36B /* AppDelegate.swift */; };
		AE6984272A39E16D00DBD36B /* SceneDelegate.swift in Sources */ = {isa = PBXBuildFile; fileRef = AE6984262A39E16D00DBD36B /* SceneDelegate.swift */; };
		AE6984292A39E16D00DBD36B /* ViewController.swift in Sources */ = {isa = PBXBuildFile; fileRef = AE6984282A39E16D00DBD36B /* ViewController.swift */; };
		AE69842C2A39E16D00DBD36B /* Main.storyboard in Resources */ = {isa = PBXBuildFile; fileRef = AE69842A2A39E16D00DBD36B /* Main.storyboard */; };
		AE69842E2A39E16E00DBD36B /* Assets.xcassets in Resources */ = {isa = PBXBuildFile; fileRef = AE69842D2A39E16E00DBD36B /* Assets.xcassets */; };
		AE6984312A39E16E00DBD36B /* LaunchScreen.storyboard in Resources */ = {isa = PBXBuildFile; fileRef = AE69842F2A39E16E00DBD36B /* LaunchScreen.storyboard */; };
		AE69843C2A39E16E00DBD36B /* MovieTests.swift in Sources */ = {isa = PBXBuildFile; fileRef = AE69843B2A39E16E00DBD36B /* MovieTests.swift */; };
		AE6984462A39E16E00DBD36B /* MovieUITests.swift in Sources */ = {isa = PBXBuildFile; fileRef = AE6984452A39E16E00DBD36B /* MovieUITests.swift */; };
		AE6984482A39E16E00DBD36B /* MovieUITestsLaunchTests.swift in Sources */ = {isa = PBXBuildFile; fileRef = AE6984472A39E16E00DBD36B /* MovieUITestsLaunchTests.swift */; };
		AE6984552A39E1AD00DBD36B /* Model.swift in Sources */ = {isa = PBXBuildFile; fileRef = AE6984542A39E1AD00DBD36B /* Model.swift */; };
		AE6984572A39E36C00DBD36B /* ApiService.swift in Sources */ = {isa = PBXBuildFile; fileRef = AE6984562A39E36C00DBD36B /* ApiService.swift */; };
		AE6984592A39F75D00DBD36B /* MovieViewModel.swift in Sources */ = {isa = PBXBuildFile; fileRef = AE6984582A39F75D00DBD36B /* MovieViewModel.swift */; };
/* End PBXBuildFile section */

/* Begin PBXContainerItemProxy section */
		AE6984382A39E16E00DBD36B /* PBXContainerItemProxy */ = {
			isa = PBXContainerItemProxy;
			containerPortal = AE6984192A39E16D00DBD36B /* Project object */;
			proxyType = 1;
			remoteGlobalIDString = AE6984202A39E16D00DBD36B;
			remoteInfo = Movie;
		};
		AE6984422A39E16E00DBD36B /* PBXContainerItemProxy */ = {
			isa = PBXContainerItemProxy;
			containerPortal = AE6984192A39E16D00DBD36B /* Project object */;
			proxyType = 1;
			remoteGlobalIDString = AE6984202A39E16D00DBD36B;
			remoteInfo = Movie;
		};
/* End PBXContainerItemProxy section */

/* Begin PBXFileReference section */
		AE6984212A39E16D00DBD36B /* Movie.app */ = {isa = PBXFileReference; explicitFileType = wrapper.application; includeInIndex = 0; path = Movie.app; sourceTree = BUILT_PRODUCTS_DIR; };
		AE6984242A39E16D00DBD36B /* AppDelegate.swift */ = {isa = PBXFileReference; lastKnownFileType = sourcecode.swift; path = AppDelegate.swift; sourceTree = "<group>"; };
		AE6984262A39E16D00DBD36B /* SceneDelegate.swift */ = {isa = PBXFileReference; lastKnownFileType = sourcecode.swift; path = SceneDelegate.swift; sourceTree = "<group>"; };
		AE6984282A39E16D00DBD36B /* ViewController.swift */ = {isa = PBXFileReference; lastKnownFileType = sourcecode.swift; path = ViewController.swift; sourceTree = "<group>"; };
		AE69842B2A39E16D00DBD36B /* Base */ = {isa = PBXFileReference; lastKnownFileType = file.storyboard; name = Base; path = Base.lproj/Main.storyboard; sourceTree = "<group>"; };
		AE69842D2A39E16E00DBD36B /* Assets.xcassets */ = {isa = PBXFileReference; lastKnownFileType = folder.assetcatalog; path = Assets.xcassets; sourceTree = "<group>"; };
		AE6984302A39E16E00DBD36B /* Base */ = {isa = PBXFileReference; lastKnownFileType = file.storyboard; name = Base; path = Base.lproj/LaunchScreen.storyboard; sourceTree = "<group>"; };
		AE6984322A39E16E00DBD36B /* Info.plist */ = {isa = PBXFileReference; lastKnownFileType = text.plist.xml; path = Info.plist; sourceTree = "<group>"; };
		AE6984372A39E16E00DBD36B /* MovieTests.xctest */ = {isa = PBXFileReference; explicitFileType = wrapper.cfbundle; includeInIndex = 0; path = MovieTests.xctest; sourceTree = BUILT_PRODUCTS_DIR; };
		AE69843B2A39E16E00DBD36B /* MovieTests.swift */ = {isa = PBXFileReference; lastKnownFileType = sourcecode.swift; path = MovieTests.swift; sourceTree = "<group>"; };
		AE6984412A39E16E00DBD36B /* MovieUITests.xctest */ = {isa = PBXFileReference; explicitFileType = wrapper.cfbundle; includeInIndex = 0; path = MovieUITests.xctest; sourceTree = BUILT_PRODUCTS_DIR; };
		AE6984452A39E16E00DBD36B /* MovieUITests.swift */ = {isa = PBXFileReference; lastKnownFileType = sourcecode.swift; path = MovieUITests.swift; sourceTree = "<group>"; };
		AE6984472A39E16E00DBD36B /* MovieUITestsLaunchTests.swift */ = {isa = PBXFileReference; lastKnownFileType = sourcecode.swift; path = MovieUITestsLaunchTests.swift; sourceTree = "<group>"; };
		AE6984542A39E1AD00DBD36B /* Model.swift */ = {isa = PBXFileReference; lastKnownFileType = sourcecode.swift; path = Model.swift; sourceTree = "<group>"; };
		AE6984562A39E36C00DBD36B /* ApiService.swift */ = {isa = PBXFileReference; lastKnownFileType = sourcecode.swift; path = ApiService.swift; sourceTree = "<group>"; };
		AE6984582A39F75D00DBD36B /* MovieViewModel.swift */ = {isa = PBXFileReference; lastKnownFileType = sourcecode.swift; path = MovieViewModel.swift; sourceTree = "<group>"; };
/* End PBXFileReference section */

/* Begin PBXFrameworksBuildPhase section */
		AE69841E2A39E16D00DBD36B /* Frameworks */ = {
			isa = PBXFrameworksBuildPhase;
			buildActionMask = 2147483647;
			files = (
			);
			runOnlyForDeploymentPostprocessing = 0;
		};
		AE6984342A39E16E00DBD36B /* Frameworks */ = {
			isa = PBXFrameworksBuildPhase;
			buildActionMask = 2147483647;
			files = (
			);
			runOnlyForDeploymentPostprocessing = 0;
		};
		AE69843E2A39E16E00DBD36B /* Frameworks */ = {
			isa = PBXFrameworksBuildPhase;
			buildActionMask = 2147483647;
			files = (
			);
			runOnlyForDeploymentPostprocessing = 0;
		};
/* End PBXFrameworksBuildPhase section */

/* Begin PBXGroup section */
		AE6984182A39E16D00DBD36B = {
			isa = PBXGroup;
			children = (
				AE6984232A39E16D00DBD36B /* Movie */,
				AE69843A2A39E16E00DBD36B /* MovieTests */,
				AE6984442A39E16E00DBD36B /* MovieUITests */,
				AE6984222A39E16D00DBD36B /* Products */,
			);
			sourceTree = "<group>";
		};
		AE6984222A39E16D00DBD36B /* Products */ = {
			isa = PBXGroup;
			children = (
				AE6984212A39E16D00DBD36B /* Movie.app */,
				AE6984372A39E16E00DBD36B /* MovieTests.xctest */,
				AE6984412A39E16E00DBD36B /* MovieUITests.xctest */,
			);
			name = Products;
			sourceTree = "<group>";
		};
		AE6984232A39E16D00DBD36B /* Movie */ = {
			isa = PBXGroup;
			children = (
				AE6984242A39E16D00DBD36B /* AppDelegate.swift */,
				AE6984262A39E16D00DBD36B /* SceneDelegate.swift */,
				AE6984282A39E16D00DBD36B /* ViewController.swift */,
				AE69842A2A39E16D00DBD36B /* Main.storyboard */,
				AE69842D2A39E16E00DBD36B /* Assets.xcassets */,
				AE69842F2A39E16E00DBD36B /* LaunchScreen.storyboard */,
				AE6984322A39E16E00DBD36B /* Info.plist */,
				AE6984542A39E1AD00DBD36B /* Model.swift */,
				AE6984562A39E36C00DBD36B /* ApiService.swift */,
				AE6984582A39F75D00DBD36B /* MovieViewModel.swift */,
			);
			path = Movie;
			sourceTree = "<group>";
		};
		AE69843A2A39E16E00DBD36B /* MovieTests */ = {
			isa = PBXGroup;
			children = (
				AE69843B2A39E16E00DBD36B /* MovieTests.swift */,
			);
			path = MovieTests;
			sourceTree = "<group>";
		};
		AE6984442A39E16E00DBD36B /* MovieUITests */ = {
			isa = PBXGroup;
			children = (
				AE6984452A39E16E00DBD36B /* MovieUITests.swift */,
				AE6984472A39E16E00DBD36B /* MovieUITestsLaunchTests.swift */,
			);
			path = MovieUITests;
			sourceTree = "<group>";
		};
/* End PBXGroup section */

/* Begin PBXNativeTarget section */
		AE6984202A39E16D00DBD36B /* Movie */ = {
			isa = PBXNativeTarget;
			buildConfigurationList = AE69844B2A39E16E00DBD36B /* Build configuration list for PBXNativeTarget "Movie" */;
			buildPhases = (
				AE69841D2A39E16D00DBD36B /* Sources */,
				AE69841E2A39E16D00DBD36B /* Frameworks */,
				AE69841F2A39E16D00DBD36B /* Resources */,
			);
			buildRules = (
			);
			dependencies = (
			);
			name = Movie;
			productName = Movie;
			productReference = AE6984212A39E16D00DBD36B /* Movie.app */;
			productType = "com.apple.product-type.application";
		};
		AE6984362A39E16E00DBD36B /* MovieTests */ = {
			isa = PBXNativeTarget;
			buildConfigurationList = AE69844E2A39E16E00DBD36B /* Build configuration list for PBXNativeTarget "MovieTests" */;
			buildPhases = (
				AE6984332A39E16E00DBD36B /* Sources */,
				AE6984342A39E16E00DBD36B /* Frameworks */,
				AE6984352A39E16E00DBD36B /* Resources */,
			);
			buildRules = (
			);
			dependencies = (
				AE6984392A39E16E00DBD36B /* PBXTargetDependency */,
			);
			name = MovieTests;
			productName = MovieTests;
			productReference = AE6984372A39E16E00DBD36B /* MovieTests.xctest */;
			productType = "com.apple.product-type.bundle.unit-test";
		};
		AE6984402A39E16E00DBD36B /* MovieUITests */ = {
			isa = PBXNativeTarget;
			buildConfigurationList = AE6984512A39E16E00DBD36B /* Build configuration list for PBXNativeTarget "MovieUITests" */;
			buildPhases = (
				AE69843D2A39E16E00DBD36B /* Sources */,
				AE69843E2A39E16E00DBD36B /* Frameworks */,
				AE69843F2A39E16E00DBD36B /* Resources */,
			);
			buildRules = (
			);
			dependencies = (
				AE6984432A39E16E00DBD36B /* PBXTargetDependency */,
			);
			name = MovieUITests;
			productName = MovieUITests;
			productReference = AE6984412A39E16E00DBD36B /* MovieUITests.xctest */;
			productType = "com.apple.product-type.bundle.ui-testing";
		};
/* End PBXNativeTarget section */

/* Begin PBXProject section */
		AE6984192A39E16D00DBD36B /* Project object */ = {
			isa = PBXProject;
			attributes = {
				BuildIndependentTargetsInParallel = 1;
				LastSwiftUpdateCheck = 1430;
				LastUpgradeCheck = 1430;
				TargetAttributes = {
					AE6984202A39E16D00DBD36B = {
						CreatedOnToolsVersion = 14.3.1;
					};
					AE6984362A39E16E00DBD36B = {
						CreatedOnToolsVersion = 14.3.1;
						TestTargetID = AE6984202A39E16D00DBD36B;
					};
					AE6984402A39E16E00DBD36B = {
						CreatedOnToolsVersion = 14.3.1;
						TestTargetID = AE6984202A39E16D00DBD36B;
					};
				};
			};
			buildConfigurationList = AE69841C2A39E16D00DBD36B /* Build configuration list for PBXProject "Movie" */;
			compatibilityVersion = "Xcode 14.0";
			developmentRegion = en;
			hasScannedForEncodings = 0;
			knownRegions = (
				en,
				Base,
			);
			mainGroup = AE6984182A39E16D00DBD36B;
			productRefGroup = AE6984222A39E16D00DBD36B /* Products */;
			projectDirPath = "";
			projectRoot = "";
			targets = (
				AE6984202A39E16D00DBD36B /* Movie */,
				AE6984362A39E16E00DBD36B /* MovieTests */,
				AE6984402A39E16E00DBD36B /* MovieUITests */,
			);
		};
/* End PBXProject section */

/* Begin PBXResourcesBuildPhase section */
		AE69841F2A39E16D00DBD36B /* Resources */ = {
			isa = PBXResourcesBuildPhase;
			buildActionMask = 2147483647;
			files = (
				AE6984312A39E16E00DBD36B /* LaunchScreen.storyboard in Resources */,
				AE69842E2A39E16E00DBD36B /* Assets.xcassets in Resources */,
				AE69842C2A39E16D00DBD36B /* Main.storyboard in Resources */,
			);
			runOnlyForDeploymentPostprocessing = 0;
		};
		AE6984352A39E16E00DBD36B /* Resources */ = {
			isa = PBXResourcesBuildPhase;
			buildActionMask = 2147483647;
			files = (
			);
			runOnlyForDeploymentPostprocessing = 0;
		};
		AE69843F2A39E16E00DBD36B /* Resources */ = {
			isa = PBXResourcesBuildPhase;
			buildActionMask = 2147483647;
			files = (
			);
			runOnlyForDeploymentPostprocessing = 0;
		};
/* End PBXResourcesBuildPhase section */

/* Begin PBXSourcesBuildPhase section */
		AE69841D2A39E16D00DBD36B /* Sources */ = {
			isa = PBXSourcesBuildPhase;
			buildActionMask = 2147483647;
			files = (
				AE6984292A39E16D00DBD36B /* ViewController.swift in Sources */,
				AE6984572A39E36C00DBD36B /* ApiService.swift in Sources */,
				AE6984252A39E16D00DBD36B /* AppDelegate.swift in Sources */,
				AE6984272A39E16D00DBD36B /* SceneDelegate.swift in Sources */,
				AE6984552A39E1AD00DBD36B /* Model.swift in Sources */,
				AE6984592A39F75D00DBD36B /* MovieViewModel.swift in Sources */,
			);
			runOnlyForDeploymentPostprocessing = 0;
		};
		AE6984332A39E16E00DBD36B /* Sources */ = {
			isa = PBXSourcesBuildPhase;
			buildActionMask = 2147483647;
			files = (
				AE69843C2A39E16E00DBD36B /* MovieTests.swift in Sources */,
			);
			runOnlyForDeploymentPostprocessing = 0;
		};
		AE69843D2A39E16E00DBD36B /* Sources */ = {
			isa = PBXSourcesBuildPhase;
			buildActionMask = 2147483647;
			files = (
				AE6984462A39E16E00DBD36B /* MovieUITests.swift in Sources */,
				AE6984482A39E16E00DBD36B /* MovieUITestsLaunchTests.swift in Sources */,
			);
			runOnlyForDeploymentPostprocessing = 0;
		};
/* End PBXSourcesBuildPhase section */

/* Begin PBXTargetDependency section */
		AE6984392A39E16E00DBD36B /* PBXTargetDependency */ = {
			isa = PBXTargetDependency;
			target = AE6984202A39E16D00DBD36B /* Movie */;
			targetProxy = AE6984382A39E16E00DBD36B /* PBXContainerItemProxy */;
		};
		AE6984432A39E16E00DBD36B /* PBXTargetDependency */ = {
			isa = PBXTargetDependency;
			target = AE6984202A39E16D00DBD36B /* Movie */;
			targetProxy = AE6984422A39E16E00DBD36B /* PBXContainerItemProxy */;
		};
/* End PBXTargetDependency section */

/* Begin PBXVariantGroup section */
		AE69842A2A39E16D00DBD36B /* Main.storyboard */ = {
			isa = PBXVariantGroup;
			children = (
				AE69842B2A39E16D00DBD36B /* Base */,
			);
			name = Main.storyboard;
			sourceTree = "<group>";
		};
		AE69842F2A39E16E00DBD36B /* LaunchScreen.storyboard */ = {
			isa = PBXVariantGroup;
			children = (
				AE6984302A39E16E00DBD36B /* Base */,
			);
			name = LaunchScreen.storyboard;
			sourceTree = "<group>";
		};
/* End PBXVariantGroup section */

/* Begin XCBuildConfiguration section */
		AE6984492A39E16E00DBD36B /* Debug */ = {
			isa = XCBuildConfiguration;
			buildSettings = {
				ALWAYS_SEARCH_USER_PATHS = NO;
				CLANG_ANALYZER_NONNULL = YES;
				CLANG_ANALYZER_NUMBER_OBJECT_CONVERSION = YES_AGGRESSIVE;
				CLANG_CXX_LANGUAGE_STANDARD = "gnu++20";
				CLANG_ENABLE_MODULES = YES;
				CLANG_ENABLE_OBJC_ARC = YES;
				CLANG_ENABLE_OBJC_WEAK = YES;
				CLANG_WARN_BLOCK_CAPTURE_AUTORELEASING = YES;
				CLANG_WARN_BOOL_CONVERSION = YES;
				CLANG_WARN_COMMA = YES;
				CLANG_WARN_CONSTANT_CONVERSION = YES;
				CLANG_WARN_DEPRECATED_OBJC_IMPLEMENTATIONS = YES;
				CLANG_WARN_DIRECT_OBJC_ISA_USAGE = YES_ERROR;
				CLANG_WARN_DOCUMENTATION_COMMENTS = YES;
				CLANG_WARN_EMPTY_BODY = YES;
				CLANG_WARN_ENUM_CONVERSION = YES;
				CLANG_WARN_INFINITE_RECURSION = YES;
				CLANG_WARN_INT_CONVERSION = YES;
				CLANG_WARN_NON_LITERAL_NULL_CONVERSION = YES;
				CLANG_WARN_OBJC_IMPLICIT_RETAIN_SELF = YES;
				CLANG_WARN_OBJC_LITERAL_CONVERSION = YES;
				CLANG_WARN_OBJC_ROOT_CLASS = YES_ERROR;
				CLANG_WARN_QUOTED_INCLUDE_IN_FRAMEWORK_HEADER = YES;
				CLANG_WARN_RANGE_LOOP_ANALYSIS = YES;
				CLANG_WARN_STRICT_PROTOTYPES = YES;
				CLANG_WARN_SUSPICIOUS_MOVE = YES;
				CLANG_WARN_UNGUARDED_AVAILABILITY = YES_AGGRESSIVE;
				CLANG_WARN_UNREACHABLE_CODE = YES;
				CLANG_WARN__DUPLICATE_METHOD_MATCH = YES;
				COPY_PHASE_STRIP = NO;
				DEBUG_INFORMATION_FORMAT = dwarf;
				ENABLE_STRICT_OBJC_MSGSEND = YES;
				ENABLE_TESTABILITY = YES;
				GCC_C_LANGUAGE_STANDARD = gnu11;
				GCC_DYNAMIC_NO_PIC = NO;
				GCC_NO_COMMON_BLOCKS = YES;
				GCC_OPTIMIZATION_LEVEL = 0;
				GCC_PREPROCESSOR_DEFINITIONS = (
					"DEBUG=1",
					"$(inherited)",
				);
				GCC_WARN_64_TO_32_BIT_CONVERSION = YES;
				GCC_WARN_ABOUT_RETURN_TYPE = YES_ERROR;
				GCC_WARN_UNDECLARED_SELECTOR = YES;
				GCC_WARN_UNINITIALIZED_AUTOS = YES_AGGRESSIVE;
				GCC_WARN_UNUSED_FUNCTION = YES;
				GCC_WARN_UNUSED_VARIABLE = YES;
				IPHONEOS_DEPLOYMENT_TARGET = 16.4;
				MTL_ENABLE_DEBUG_INFO = INCLUDE_SOURCE;
				MTL_FAST_MATH = YES;
				ONLY_ACTIVE_ARCH = YES;
				SDKROOT = iphoneos;
				SWIFT_ACTIVE_COMPILATION_CONDITIONS = DEBUG;
				SWIFT_OPTIMIZATION_LEVEL = "-Onone";
			};
			name = Debug;
		};
		AE69844A2A39E16E00DBD36B /* Release */ = {
			isa = XCBuildConfiguration;
			buildSettings = {
				ALWAYS_SEARCH_USER_PATHS = NO;
				CLANG_ANALYZER_NONNULL = YES;
				CLANG_ANALYZER_NUMBER_OBJECT_CONVERSION = YES_AGGRESSIVE;
				CLANG_CXX_LANGUAGE_STANDARD = "gnu++20";
				CLANG_ENABLE_MODULES = YES;
				CLANG_ENABLE_OBJC_ARC = YES;
				CLANG_ENABLE_OBJC_WEAK = YES;
				CLANG_WARN_BLOCK_CAPTURE_AUTORELEASING = YES;
				CLANG_WARN_BOOL_CONVERSION = YES;
				CLANG_WARN_COMMA = YES;
				CLANG_WARN_CONSTANT_CONVERSION = YES;
				CLANG_WARN_DEPRECATED_OBJC_IMPLEMENTATIONS = YES;
				CLANG_WARN_DIRECT_OBJC_ISA_USAGE = YES_ERROR;
				CLANG_WARN_DOCUMENTATION_COMMENTS = YES;
				CLANG_WARN_EMPTY_BODY = YES;
				CLANG_WARN_ENUM_CONVERSION = YES;
				CLANG_WARN_INFINITE_RECURSION = YES;
				CLANG_WARN_INT_CONVERSION = YES;
				CLANG_WARN_NON_LITERAL_NULL_CONVERSION = YES;
				CLANG_WARN_OBJC_IMPLICIT_RETAIN_SELF = YES;
				CLANG_WARN_OBJC_LITERAL_CONVERSION = YES;
				CLANG_WARN_OBJC_ROOT_CLASS = YES_ERROR;
				CLANG_WARN_QUOTED_INCLUDE_IN_FRAMEWORK_HEADER = YES;
				CLANG_WARN_RANGE_LOOP_ANALYSIS = YES;
				CLANG_WARN_STRICT_PROTOTYPES = YES;
				CLANG_WARN_SUSPICIOUS_MOVE = YES;
				CLANG_WARN_UNGUARDED_AVAILABILITY = YES_AGGRESSIVE;
				CLANG_WARN_UNREACHABLE_CODE = YES;
				CLANG_WARN__DUPLICATE_METHOD_MATCH = YES;
				COPY_PHASE_STRIP = NO;
				DEBUG_INFORMATION_FORMAT = "dwarf-with-dsym";
				ENABLE_NS_ASSERTIONS = NO;
				ENABLE_STRICT_OBJC_MSGSEND = YES;
				GCC_C_LANGUAGE_STANDARD = gnu11;
				GCC_NO_COMMON_BLOCKS = YES;
				GCC_WARN_64_TO_32_BIT_CONVERSION = YES;
				GCC_WARN_ABOUT_RETURN_TYPE = YES_ERROR;
				GCC_WARN_UNDECLARED_SELECTOR = YES;
				GCC_WARN_UNINITIALIZED_AUTOS = YES_AGGRESSIVE;
				GCC_WARN_UNUSED_FUNCTION = YES;
				GCC_WARN_UNUSED_VARIABLE = YES;
				IPHONEOS_DEPLOYMENT_TARGET = 16.4;
				MTL_ENABLE_DEBUG_INFO = NO;
				MTL_FAST_MATH = YES;
				SDKROOT = iphoneos;
				SWIFT_COMPILATION_MODE = wholemodule;
				SWIFT_OPTIMIZATION_LEVEL = "-O";
				VALIDATE_PRODUCT = YES;
			};
			name = Release;
		};
		AE69844C2A39E16E00DBD36B /* Debug */ = {
			isa = XCBuildConfiguration;
			buildSettings = {
				ASSETCATALOG_COMPILER_APPICON_NAME = AppIcon;
				ASSETCATALOG_COMPILER_GLOBAL_ACCENT_COLOR_NAME = AccentColor;
				CODE_SIGN_STYLE = Automatic;
				CURRENT_PROJECT_VERSION = 1;
				GENERATE_INFOPLIST_FILE = YES;
				INFOPLIST_FILE = Movie/Info.plist;
				INFOPLIST_KEY_UIApplicationSupportsIndirectInputEvents = YES;
				INFOPLIST_KEY_UILaunchStoryboardName = LaunchScreen;
				INFOPLIST_KEY_UIMainStoryboardFile = Main;
				INFOPLIST_KEY_UISupportedInterfaceOrientations_iPad = "UIInterfaceOrientationPortrait UIInterfaceOrientationPortraitUpsideDown UIInterfaceOrientationLandscapeLeft UIInterfaceOrientationLandscapeRight";
				INFOPLIST_KEY_UISupportedInterfaceOrientations_iPhone = "UIInterfaceOrientationPortrait UIInterfaceOrientationLandscapeLeft UIInterfaceOrientationLandscapeRight";
				LD_RUNPATH_SEARCH_PATHS = (
					"$(inherited)",
					"@executable_path/Frameworks",
				);
				MARKETING_VERSION = 1.0;
				PRODUCT_BUNDLE_IDENTIFIER = yun.academy.Movie;
				PRODUCT_NAME = "$(TARGET_NAME)";
				SWIFT_EMIT_LOC_STRINGS = YES;
				SWIFT_VERSION = 5.0;
				TARGETED_DEVICE_FAMILY = "1,2";
			};
			name = Debug;
		};
		AE69844D2A39E16E00DBD36B /* Release */ = {
			isa = XCBuildConfiguration;
			buildSettings = {
				ASSETCATALOG_COMPILER_APPICON_NAME = AppIcon;
				ASSETCATALOG_COMPILER_GLOBAL_ACCENT_COLOR_NAME = AccentColor;
				CODE_SIGN_STYLE = Automatic;
				CURRENT_PROJECT_VERSION = 1;
				GENERATE_INFOPLIST_FILE = YES;
				INFOPLIST_FILE = Movie/Info.plist;
				INFOPLIST_KEY_UIApplicationSupportsIndirectInputEvents = YES;
				INFOPLIST_KEY_UILaunchStoryboardName = LaunchScreen;
				INFOPLIST_KEY_UIMainStoryboardFile = Main;
				INFOPLIST_KEY_UISupportedInterfaceOrientations_iPad = "UIInterfaceOrientationPortrait UIInterfaceOrientationPortraitUpsideDown UIInterfaceOrientationLandscapeLeft UIInterfaceOrientationLandscapeRight";
				INFOPLIST_KEY_UISupportedInterfaceOrientations_iPhone = "UIInterfaceOrientationPortrait UIInterfaceOrientationLandscapeLeft UIInterfaceOrientationLandscapeRight";
				LD_RUNPATH_SEARCH_PATHS = (
					"$(inherited)",
					"@executable_path/Frameworks",
				);
				MARKETING_VERSION = 1.0;
				PRODUCT_BUNDLE_IDENTIFIER = yun.academy.Movie;
				PRODUCT_NAME = "$(TARGET_NAME)";
				SWIFT_EMIT_LOC_STRINGS = YES;
				SWIFT_VERSION = 5.0;
				TARGETED_DEVICE_FAMILY = "1,2";
			};
			name = Release;
		};
		AE69844F2A39E16E00DBD36B /* Debug */ = {
			isa = XCBuildConfiguration;
			buildSettings = {
				ALWAYS_EMBED_SWIFT_STANDARD_LIBRARIES = YES;
				BUNDLE_LOADER = "$(TEST_HOST)";
				CODE_SIGN_STYLE = Automatic;
				CURRENT_PROJECT_VERSION = 1;
				GENERATE_INFOPLIST_FILE = YES;
				IPHONEOS_DEPLOYMENT_TARGET = 16.4;
				MARKETING_VERSION = 1.0;
				PRODUCT_BUNDLE_IDENTIFIER = yun.academy.MovieTests;
				PRODUCT_NAME = "$(TARGET_NAME)";
				SWIFT_EMIT_LOC_STRINGS = NO;
				SWIFT_VERSION = 5.0;
				TARGETED_DEVICE_FAMILY = "1,2";
				TEST_HOST = "$(BUILT_PRODUCTS_DIR)/Movie.app/$(BUNDLE_EXECUTABLE_FOLDER_PATH)/Movie";
			};
			name = Debug;
		};
		AE6984502A39E16E00DBD36B /* Release */ = {
			isa = XCBuildConfiguration;
			buildSettings = {
				ALWAYS_EMBED_SWIFT_STANDARD_LIBRARIES = YES;
				BUNDLE_LOADER = "$(TEST_HOST)";
				CODE_SIGN_STYLE = Automatic;
				CURRENT_PROJECT_VERSION = 1;
				GENERATE_INFOPLIST_FILE = YES;
				IPHONEOS_DEPLOYMENT_TARGET = 16.4;
				MARKETING_VERSION = 1.0;
				PRODUCT_BUNDLE_IDENTIFIER = yun.academy.MovieTests;
				PRODUCT_NAME = "$(TARGET_NAME)";
				SWIFT_EMIT_LOC_STRINGS = NO;
				SWIFT_VERSION = 5.0;
				TARGETED_DEVICE_FAMILY = "1,2";
				TEST_HOST = "$(BUILT_PRODUCTS_DIR)/Movie.app/$(BUNDLE_EXECUTABLE_FOLDER_PATH)/Movie";
			};
			name = Release;
		};
		AE6984522A39E16E00DBD36B /* Debug */ = {
			isa = XCBuildConfiguration;
			buildSettings = {
				ALWAYS_EMBED_SWIFT_STANDARD_LIBRARIES = YES;
				CODE_SIGN_STYLE = Automatic;
				CURRENT_PROJECT_VERSION = 1;
				GENERATE_INFOPLIST_FILE = YES;
				MARKETING_VERSION = 1.0;
				PRODUCT_BUNDLE_IDENTIFIER = yun.academy.MovieUITests;
				PRODUCT_NAME = "$(TARGET_NAME)";
				SWIFT_EMIT_LOC_STRINGS = NO;
				SWIFT_VERSION = 5.0;
				TARGETED_DEVICE_FAMILY = "1,2";
				TEST_TARGET_NAME = Movie;
			};
			name = Debug;
		};
		AE6984532A39E16E00DBD36B /* Release */ = {
			isa = XCBuildConfiguration;
			buildSettings = {
				ALWAYS_EMBED_SWIFT_STANDARD_LIBRARIES = YES;
				CODE_SIGN_STYLE = Automatic;
				CURRENT_PROJECT_VERSION = 1;
				GENERATE_INFOPLIST_FILE = YES;
				MARKETING_VERSION = 1.0;
				PRODUCT_BUNDLE_IDENTIFIER = yun.academy.MovieUITests;
				PRODUCT_NAME = "$(TARGET_NAME)";
				SWIFT_EMIT_LOC_STRINGS = NO;
				SWIFT_VERSION = 5.0;
				TARGETED_DEVICE_FAMILY = "1,2";
				TEST_TARGET_NAME = Movie;
			};
			name = Release;
		};
/* End XCBuildConfiguration section */

/* Begin XCConfigurationList section */
		AE69841C2A39E16D00DBD36B /* Build configuration list for PBXProject "Movie" */ = {
			isa = XCConfigurationList;
			buildConfigurations = (
				AE6984492A39E16E00DBD36B /* Debug */,
				AE69844A2A39E16E00DBD36B /* Release */,
			);
			defaultConfigurationIsVisible = 0;
			defaultConfigurationName = Release;
		};
		AE69844B2A39E16E00DBD36B /* Build configuration list for PBXNativeTarget "Movie" */ = {
			isa = XCConfigurationList;
			buildConfigurations = (
				AE69844C2A39E16E00DBD36B /* Debug */,
				AE69844D2A39E16E00DBD36B /* Release */,
			);
			defaultConfigurationIsVisible = 0;
			defaultConfigurationName = Release;
		};
		AE69844E2A39E16E00DBD36B /* Build configuration list for PBXNativeTarget "MovieTests" */ = {
			isa = XCConfigurationList;
			buildConfigurations = (
				AE69844F2A39E16E00DBD36B /* Debug */,
				AE6984502A39E16E00DBD36B /* Release */,
			);
			defaultConfigurationIsVisible = 0;
			defaultConfigurationName = Release;
		};
		AE6984512A39E16E00DBD36B /* Build configuration list for PBXNativeTarget "MovieUITests" */ = {
			isa = XCConfigurationList;
			buildConfigurations = (
				AE6984522A39E16E00DBD36B /* Debug */,
				AE6984532A39E16E00DBD36B /* Release */,
			);
			defaultConfigurationIsVisible = 0;
			defaultConfigurationName = Release;
		};
/* End XCConfigurationList section */
	};
	rootObject = AE6984192A39E16D00DBD36B /* Project object */;
}
