// !$*UTF8*$!
{
	archiveVersion = 1;
	classes = {
	};
	objectVersion = 56;
	objects = {

/* Begin PBXBuildFile section */
		AEC2FD562A6E6D9900D00371 /* Assets.xcassets in Resources */ = {isa = PBXBuildFile; fileRef = AEC2FD552A6E6D9900D00371 /* Assets.xcassets */; };
		AEC2FD592A6E6D9900D00371 /* LaunchScreen.storyboard in Resources */ = {isa = PBXBuildFile; fileRef = AEC2FD572A6E6D9900D00371 /* LaunchScreen.storyboard */; };
		AEC2FD642A6E6D9900D00371 /* ClientTests.swift in Sources */ = {isa = PBXBuildFile; fileRef = AEC2FD632A6E6D9900D00371 /* ClientTests.swift */; };
		AEC2FD6E2A6E6D9900D00371 /* ClientUITests.swift in Sources */ = {isa = PBXBuildFile; fileRef = AEC2FD6D2A6E6D9900D00371 /* ClientUITests.swift */; };
		AEC2FD702A6E6D9900D00371 /* ClientUITestsLaunchTests.swift in Sources */ = {isa = PBXBuildFile; fileRef = AEC2FD6F2A6E6D9900D00371 /* ClientUITestsLaunchTests.swift */; };
		AEC2FD852A6E6DB000D00371 /* AppFlowCoordinator.swift in Sources */ = {isa = PBXBuildFile; fileRef = AEC2FD7D2A6E6DB000D00371 /* AppFlowCoordinator.swift */; };
		AEC2FD862A6E6DB000D00371 /* AppDIContainer.swift in Sources */ = {isa = PBXBuildFile; fileRef = AEC2FD7E2A6E6DB000D00371 /* AppDIContainer.swift */; };
		AEC2FD872A6E6DB000D00371 /* AppConfigurations.swift in Sources */ = {isa = PBXBuildFile; fileRef = AEC2FD7F2A6E6DB000D00371 /* AppConfigurations.swift */; };
		AEC2FD882A6E6DB000D00371 /* AppDIContainer.swift in Sources */ = {isa = PBXBuildFile; fileRef = AEC2FD812A6E6DB000D00371 /* AppDIContainer.swift */; };
		AEC2FD892A6E6DB000D00371 /* MoviesSceneDIConainer.swift in Sources */ = {isa = PBXBuildFile; fileRef = AEC2FD822A6E6DB000D00371 /* MoviesSceneDIConainer.swift */; };
		AEC2FD8A2A6E6DB000D00371 /* AppDelegate.swift in Sources */ = {isa = PBXBuildFile; fileRef = AEC2FD832A6E6DB000D00371 /* AppDelegate.swift */; };
		AEC2FD8B2A6E6DB000D00371 /* SceneDelegate.swift in Sources */ = {isa = PBXBuildFile; fileRef = AEC2FD842A6E6DB000D00371 /* SceneDelegate.swift */; };
		AEC2FDA52A6E6DD000D00371 /* DataTransferService.swift in Sources */ = {isa = PBXBuildFile; fileRef = AEC2FD952A6E6DD000D00371 /* DataTransferService.swift */; };
		AEC2FDA62A6E6DD000D00371 /* NetworkService.swift in Sources */ = {isa = PBXBuildFile; fileRef = AEC2FD962A6E6DD000D00371 /* NetworkService.swift */; };
		AEC2FDA72A6E6DD000D00371 /* Endpoint.swift in Sources */ = {isa = PBXBuildFile; fileRef = AEC2FD972A6E6DD000D00371 /* Endpoint.swift */; };
		AEC2FDA82A6E6DD000D00371 /* NetworkConfig.swift in Sources */ = {isa = PBXBuildFile; fileRef = AEC2FD982A6E6DD000D00371 /* NetworkConfig.swift */; };
		AEC2FDA92A6E6DD000D00371 /* HomeRecommendFlowCoordinator.swift in Sources */ = {isa = PBXBuildFile; fileRef = AEC2FD9C2A6E6DD000D00371 /* HomeRecommendFlowCoordinator.swift */; };
		AEC2FDAA2A6E6DD000D00371 /* Observable.swift in Sources */ = {isa = PBXBuildFile; fileRef = AEC2FD9E2A6E6DD000D00371 /* Observable.swift */; };
		AEC2FDAB2A6E6DD000D00371 /* StoryboardInstantiable.swift in Sources */ = {isa = PBXBuildFile; fileRef = AEC2FDA02A6E6DD000D00371 /* StoryboardInstantiable.swift */; };
/* End PBXBuildFile section */

/* Begin PBXContainerItemProxy section */
		AEC2FD602A6E6D9900D00371 /* PBXContainerItemProxy */ = {
			isa = PBXContainerItemProxy;
			containerPortal = AEC2FD412A6E6D9800D00371 /* Project object */;
			proxyType = 1;
			remoteGlobalIDString = AEC2FD482A6E6D9800D00371;
			remoteInfo = Client;
		};
		AEC2FD6A2A6E6D9900D00371 /* PBXContainerItemProxy */ = {
			isa = PBXContainerItemProxy;
			containerPortal = AEC2FD412A6E6D9800D00371 /* Project object */;
			proxyType = 1;
			remoteGlobalIDString = AEC2FD482A6E6D9800D00371;
			remoteInfo = Client;
		};
/* End PBXContainerItemProxy section */

/* Begin PBXFileReference section */
		AEC2FD492A6E6D9800D00371 /* Client.app */ = {isa = PBXFileReference; explicitFileType = wrapper.application; includeInIndex = 0; path = Client.app; sourceTree = BUILT_PRODUCTS_DIR; };
		AEC2FD552A6E6D9900D00371 /* Assets.xcassets */ = {isa = PBXFileReference; lastKnownFileType = folder.assetcatalog; path = Assets.xcassets; sourceTree = "<group>"; };
		AEC2FD582A6E6D9900D00371 /* Base */ = {isa = PBXFileReference; lastKnownFileType = file.storyboard; name = Base; path = Base.lproj/LaunchScreen.storyboard; sourceTree = "<group>"; };
		AEC2FD5A2A6E6D9900D00371 /* Info.plist */ = {isa = PBXFileReference; lastKnownFileType = text.plist.xml; path = Info.plist; sourceTree = "<group>"; };
		AEC2FD5F2A6E6D9900D00371 /* ClientTests.xctest */ = {isa = PBXFileReference; explicitFileType = wrapper.cfbundle; includeInIndex = 0; path = ClientTests.xctest; sourceTree = BUILT_PRODUCTS_DIR; };
		AEC2FD632A6E6D9900D00371 /* ClientTests.swift */ = {isa = PBXFileReference; lastKnownFileType = sourcecode.swift; path = ClientTests.swift; sourceTree = "<group>"; };
		AEC2FD692A6E6D9900D00371 /* ClientUITests.xctest */ = {isa = PBXFileReference; explicitFileType = wrapper.cfbundle; includeInIndex = 0; path = ClientUITests.xctest; sourceTree = BUILT_PRODUCTS_DIR; };
		AEC2FD6D2A6E6D9900D00371 /* ClientUITests.swift */ = {isa = PBXFileReference; lastKnownFileType = sourcecode.swift; path = ClientUITests.swift; sourceTree = "<group>"; };
		AEC2FD6F2A6E6D9900D00371 /* ClientUITestsLaunchTests.swift */ = {isa = PBXFileReference; lastKnownFileType = sourcecode.swift; path = ClientUITestsLaunchTests.swift; sourceTree = "<group>"; };
		AEC2FD7D2A6E6DB000D00371 /* AppFlowCoordinator.swift */ = {isa = PBXFileReference; fileEncoding = 4; lastKnownFileType = sourcecode.swift; path = AppFlowCoordinator.swift; sourceTree = "<group>"; };
		AEC2FD7E2A6E6DB000D00371 /* AppDIContainer.swift */ = {isa = PBXFileReference; fileEncoding = 4; lastKnownFileType = sourcecode.swift; path = AppDIContainer.swift; sourceTree = "<group>"; };
		AEC2FD7F2A6E6DB000D00371 /* AppConfigurations.swift */ = {isa = PBXFileReference; fileEncoding = 4; lastKnownFileType = sourcecode.swift; path = AppConfigurations.swift; sourceTree = "<group>"; };
		AEC2FD812A6E6DB000D00371 /* AppDIContainer.swift */ = {isa = PBXFileReference; fileEncoding = 4; lastKnownFileType = sourcecode.swift; path = AppDIContainer.swift; sourceTree = "<group>"; };
		AEC2FD822A6E6DB000D00371 /* MoviesSceneDIConainer.swift */ = {isa = PBXFileReference; fileEncoding = 4; lastKnownFileType = sourcecode.swift; path = MoviesSceneDIConainer.swift; sourceTree = "<group>"; };
		AEC2FD832A6E6DB000D00371 /* AppDelegate.swift */ = {isa = PBXFileReference; fileEncoding = 4; lastKnownFileType = sourcecode.swift; path = AppDelegate.swift; sourceTree = "<group>"; };
		AEC2FD842A6E6DB000D00371 /* SceneDelegate.swift */ = {isa = PBXFileReference; fileEncoding = 4; lastKnownFileType = sourcecode.swift; path = SceneDelegate.swift; sourceTree = "<group>"; };
		AEC2FD952A6E6DD000D00371 /* DataTransferService.swift */ = {isa = PBXFileReference; fileEncoding = 4; lastKnownFileType = sourcecode.swift; path = DataTransferService.swift; sourceTree = "<group>"; };
		AEC2FD962A6E6DD000D00371 /* NetworkService.swift */ = {isa = PBXFileReference; fileEncoding = 4; lastKnownFileType = sourcecode.swift; path = NetworkService.swift; sourceTree = "<group>"; };
		AEC2FD972A6E6DD000D00371 /* Endpoint.swift */ = {isa = PBXFileReference; fileEncoding = 4; lastKnownFileType = sourcecode.swift; path = Endpoint.swift; sourceTree = "<group>"; };
		AEC2FD982A6E6DD000D00371 /* NetworkConfig.swift */ = {isa = PBXFileReference; fileEncoding = 4; lastKnownFileType = sourcecode.swift; path = NetworkConfig.swift; sourceTree = "<group>"; };
		AEC2FD9C2A6E6DD000D00371 /* HomeRecommendFlowCoordinator.swift */ = {isa = PBXFileReference; fileEncoding = 4; lastKnownFileType = sourcecode.swift; path = HomeRecommendFlowCoordinator.swift; sourceTree = "<group>"; };
		AEC2FD9E2A6E6DD000D00371 /* Observable.swift */ = {isa = PBXFileReference; fileEncoding = 4; lastKnownFileType = sourcecode.swift; path = Observable.swift; sourceTree = "<group>"; };
		AEC2FDA02A6E6DD000D00371 /* StoryboardInstantiable.swift */ = {isa = PBXFileReference; fileEncoding = 4; lastKnownFileType = sourcecode.swift; path = StoryboardInstantiable.swift; sourceTree = "<group>"; };
/* End PBXFileReference section */

/* Begin PBXFrameworksBuildPhase section */
		AEC2FD462A6E6D9800D00371 /* Frameworks */ = {
			isa = PBXFrameworksBuildPhase;
			buildActionMask = 2147483647;
			files = (
			);
			runOnlyForDeploymentPostprocessing = 0;
		};
		AEC2FD5C2A6E6D9900D00371 /* Frameworks */ = {
			isa = PBXFrameworksBuildPhase;
			buildActionMask = 2147483647;
			files = (
			);
			runOnlyForDeploymentPostprocessing = 0;
		};
		AEC2FD662A6E6D9900D00371 /* Frameworks */ = {
			isa = PBXFrameworksBuildPhase;
			buildActionMask = 2147483647;
			files = (
			);
			runOnlyForDeploymentPostprocessing = 0;
		};
/* End PBXFrameworksBuildPhase section */

/* Begin PBXGroup section */
		AEC2FD402A6E6D9800D00371 = {
			isa = PBXGroup;
			children = (
				AEC2FD4B2A6E6D9800D00371 /* Client */,
				AEC2FD622A6E6D9900D00371 /* ClientTests */,
				AEC2FD6C2A6E6D9900D00371 /* ClientUITests */,
				AEC2FD4A2A6E6D9800D00371 /* Products */,
			);
			sourceTree = "<group>";
		};
		AEC2FD4A2A6E6D9800D00371 /* Products */ = {
			isa = PBXGroup;
			children = (
				AEC2FD492A6E6D9800D00371 /* Client.app */,
				AEC2FD5F2A6E6D9900D00371 /* ClientTests.xctest */,
				AEC2FD692A6E6D9900D00371 /* ClientUITests.xctest */,
			);
			name = Products;
			sourceTree = "<group>";
		};
		AEC2FD4B2A6E6D9800D00371 /* Client */ = {
			isa = PBXGroup;
			children = (
				AEC2FD7C2A6E6DB000D00371 /* Application */,
				AEC2FD932A6E6DD000D00371 /* Infrastructure */,
				AEC2FD992A6E6DD000D00371 /* Presentation */,
				AEC2FD8C2A6E6DD000D00371 /* Resources */,
			);
			path = Client;
			sourceTree = "<group>";
		};
		AEC2FD622A6E6D9900D00371 /* ClientTests */ = {
			isa = PBXGroup;
			children = (
				AEC2FD632A6E6D9900D00371 /* ClientTests.swift */,
			);
			path = ClientTests;
			sourceTree = "<group>";
		};
		AEC2FD6C2A6E6D9900D00371 /* ClientUITests */ = {
			isa = PBXGroup;
			children = (
				AEC2FD6D2A6E6D9900D00371 /* ClientUITests.swift */,
				AEC2FD6F2A6E6D9900D00371 /* ClientUITestsLaunchTests.swift */,
			);
			path = ClientUITests;
			sourceTree = "<group>";
		};
		AEC2FD7C2A6E6DB000D00371 /* Application */ = {
			isa = PBXGroup;
			children = (
				AEC2FD7D2A6E6DB000D00371 /* AppFlowCoordinator.swift */,
				AEC2FD7E2A6E6DB000D00371 /* AppDIContainer.swift */,
				AEC2FD7F2A6E6DB000D00371 /* AppConfigurations.swift */,
				AEC2FD802A6E6DB000D00371 /* DIContainer */,
				AEC2FD832A6E6DB000D00371 /* AppDelegate.swift */,
				AEC2FD842A6E6DB000D00371 /* SceneDelegate.swift */,
			);
			name = Application;
			path = ../../../client/client/Application;
			sourceTree = "<group>";
		};
		AEC2FD802A6E6DB000D00371 /* DIContainer */ = {
			isa = PBXGroup;
			children = (
				AEC2FD812A6E6DB000D00371 /* AppDIContainer.swift */,
				AEC2FD822A6E6DB000D00371 /* MoviesSceneDIConainer.swift */,
			);
			path = DIContainer;
			sourceTree = "<group>";
		};
		AEC2FD8C2A6E6DD000D00371 /* Resources */ = {
			isa = PBXGroup;
			children = (
				AEC2FD552A6E6D9900D00371 /* Assets.xcassets */,
				AEC2FD572A6E6D9900D00371 /* LaunchScreen.storyboard */,
				AEC2FD5A2A6E6D9900D00371 /* Info.plist */,
			);
			name = Resources;
			path = ../../../client/client/Resources;
			sourceTree = "<group>";
		};
		AEC2FD932A6E6DD000D00371 /* Infrastructure */ = {
			isa = PBXGroup;
			children = (
				AEC2FD942A6E6DD000D00371 /* NetworkService */,
			);
			name = Infrastructure;
			path = ../../../client/client/Infrastructure;
			sourceTree = "<group>";
		};
		AEC2FD942A6E6DD000D00371 /* NetworkService */ = {
			isa = PBXGroup;
			children = (
				AEC2FD952A6E6DD000D00371 /* DataTransferService.swift */,
				AEC2FD962A6E6DD000D00371 /* NetworkService.swift */,
				AEC2FD972A6E6DD000D00371 /* Endpoint.swift */,
				AEC2FD982A6E6DD000D00371 /* NetworkConfig.swift */,
			);
			path = NetworkService;
			sourceTree = "<group>";
		};
		AEC2FD992A6E6DD000D00371 /* Presentation */ = {
			isa = PBXGroup;
			children = (
				AEC2FD9A2A6E6DD000D00371 /* Home */,
				AEC2FD9D2A6E6DD000D00371 /* Utils */,
			);
			name = Presentation;
			path = ../../../client/client/Presentation;
			sourceTree = "<group>";
		};
		AEC2FD9A2A6E6DD000D00371 /* Home */ = {
			isa = PBXGroup;
			children = (
				AEC2FD9B2A6E6DD000D00371 /* Flows */,
			);
			path = Home;
			sourceTree = "<group>";
		};
		AEC2FD9B2A6E6DD000D00371 /* Flows */ = {
			isa = PBXGroup;
			children = (
				AEC2FD9C2A6E6DD000D00371 /* HomeRecommendFlowCoordinator.swift */,
			);
			path = Flows;
			sourceTree = "<group>";
		};
		AEC2FD9D2A6E6DD000D00371 /* Utils */ = {
			isa = PBXGroup;
			children = (
				AEC2FD9E2A6E6DD000D00371 /* Observable.swift */,
				AEC2FD9F2A6E6DD000D00371 /* Protocols */,
			);
			path = Utils;
			sourceTree = "<group>";
		};
		AEC2FD9F2A6E6DD000D00371 /* Protocols */ = {
			isa = PBXGroup;
			children = (
				AEC2FDA02A6E6DD000D00371 /* StoryboardInstantiable.swift */,
			);
			path = Protocols;
			sourceTree = "<group>";
		};
/* End PBXGroup section */

/* Begin PBXNativeTarget section */
		AEC2FD482A6E6D9800D00371 /* Client */ = {
			isa = PBXNativeTarget;
			buildConfigurationList = AEC2FD732A6E6D9900D00371 /* Build configuration list for PBXNativeTarget "Client" */;
			buildPhases = (
				AEC2FD452A6E6D9800D00371 /* Sources */,
				AEC2FD462A6E6D9800D00371 /* Frameworks */,
				AEC2FD472A6E6D9800D00371 /* Resources */,
			);
			buildRules = (
			);
			dependencies = (
			);
			name = Client;
			productName = Client;
			productReference = AEC2FD492A6E6D9800D00371 /* Client.app */;
			productType = "com.apple.product-type.application";
		};
		AEC2FD5E2A6E6D9900D00371 /* ClientTests */ = {
			isa = PBXNativeTarget;
			buildConfigurationList = AEC2FD762A6E6D9900D00371 /* Build configuration list for PBXNativeTarget "ClientTests" */;
			buildPhases = (
				AEC2FD5B2A6E6D9900D00371 /* Sources */,
				AEC2FD5C2A6E6D9900D00371 /* Frameworks */,
				AEC2FD5D2A6E6D9900D00371 /* Resources */,
			);
			buildRules = (
			);
			dependencies = (
				AEC2FD612A6E6D9900D00371 /* PBXTargetDependency */,
			);
			name = ClientTests;
			productName = ClientTests;
			productReference = AEC2FD5F2A6E6D9900D00371 /* ClientTests.xctest */;
			productType = "com.apple.product-type.bundle.unit-test";
		};
		AEC2FD682A6E6D9900D00371 /* ClientUITests */ = {
			isa = PBXNativeTarget;
			buildConfigurationList = AEC2FD792A6E6D9900D00371 /* Build configuration list for PBXNativeTarget "ClientUITests" */;
			buildPhases = (
				AEC2FD652A6E6D9900D00371 /* Sources */,
				AEC2FD662A6E6D9900D00371 /* Frameworks */,
				AEC2FD672A6E6D9900D00371 /* Resources */,
			);
			buildRules = (
			);
			dependencies = (
				AEC2FD6B2A6E6D9900D00371 /* PBXTargetDependency */,
			);
			name = ClientUITests;
			productName = ClientUITests;
			productReference = AEC2FD692A6E6D9900D00371 /* ClientUITests.xctest */;
			productType = "com.apple.product-type.bundle.ui-testing";
		};
/* End PBXNativeTarget section */

/* Begin PBXProject section */
		AEC2FD412A6E6D9800D00371 /* Project object */ = {
			isa = PBXProject;
			attributes = {
				BuildIndependentTargetsInParallel = 1;
				LastSwiftUpdateCheck = 1430;
				LastUpgradeCheck = 1430;
				TargetAttributes = {
					AEC2FD482A6E6D9800D00371 = {
						CreatedOnToolsVersion = 14.3.1;
					};
					AEC2FD5E2A6E6D9900D00371 = {
						CreatedOnToolsVersion = 14.3.1;
						TestTargetID = AEC2FD482A6E6D9800D00371;
					};
					AEC2FD682A6E6D9900D00371 = {
						CreatedOnToolsVersion = 14.3.1;
						TestTargetID = AEC2FD482A6E6D9800D00371;
					};
				};
			};
			buildConfigurationList = AEC2FD442A6E6D9800D00371 /* Build configuration list for PBXProject "Client" */;
			compatibilityVersion = "Xcode 14.0";
			developmentRegion = en;
			hasScannedForEncodings = 0;
			knownRegions = (
				en,
				Base,
			);
			mainGroup = AEC2FD402A6E6D9800D00371;
			productRefGroup = AEC2FD4A2A6E6D9800D00371 /* Products */;
			projectDirPath = "";
			projectRoot = "";
			targets = (
				AEC2FD482A6E6D9800D00371 /* Client */,
				AEC2FD5E2A6E6D9900D00371 /* ClientTests */,
				AEC2FD682A6E6D9900D00371 /* ClientUITests */,
			);
		};
/* End PBXProject section */

/* Begin PBXResourcesBuildPhase section */
		AEC2FD472A6E6D9800D00371 /* Resources */ = {
			isa = PBXResourcesBuildPhase;
			buildActionMask = 2147483647;
			files = (
				AEC2FD592A6E6D9900D00371 /* LaunchScreen.storyboard in Resources */,
				AEC2FD562A6E6D9900D00371 /* Assets.xcassets in Resources */,
			);
			runOnlyForDeploymentPostprocessing = 0;
		};
		AEC2FD5D2A6E6D9900D00371 /* Resources */ = {
			isa = PBXResourcesBuildPhase;
			buildActionMask = 2147483647;
			files = (
			);
			runOnlyForDeploymentPostprocessing = 0;
		};
		AEC2FD672A6E6D9900D00371 /* Resources */ = {
			isa = PBXResourcesBuildPhase;
			buildActionMask = 2147483647;
			files = (
			);
			runOnlyForDeploymentPostprocessing = 0;
		};
/* End PBXResourcesBuildPhase section */

/* Begin PBXSourcesBuildPhase section */
		AEC2FD452A6E6D9800D00371 /* Sources */ = {
			isa = PBXSourcesBuildPhase;
			buildActionMask = 2147483647;
			files = (
				AEC2FDAA2A6E6DD000D00371 /* Observable.swift in Sources */,
				AEC2FD882A6E6DB000D00371 /* AppDIContainer.swift in Sources */,
				AEC2FDA82A6E6DD000D00371 /* NetworkConfig.swift in Sources */,
				AEC2FD852A6E6DB000D00371 /* AppFlowCoordinator.swift in Sources */,
				AEC2FDAB2A6E6DD000D00371 /* StoryboardInstantiable.swift in Sources */,
				AEC2FD8A2A6E6DB000D00371 /* AppDelegate.swift in Sources */,
				AEC2FD892A6E6DB000D00371 /* MoviesSceneDIConainer.swift in Sources */,
				AEC2FDA72A6E6DD000D00371 /* Endpoint.swift in Sources */,
				AEC2FDA62A6E6DD000D00371 /* NetworkService.swift in Sources */,
				AEC2FDA52A6E6DD000D00371 /* DataTransferService.swift in Sources */,
				AEC2FDA92A6E6DD000D00371 /* HomeRecommendFlowCoordinator.swift in Sources */,
				AEC2FD8B2A6E6DB000D00371 /* SceneDelegate.swift in Sources */,
				AEC2FD862A6E6DB000D00371 /* AppDIContainer.swift in Sources */,
				AEC2FD872A6E6DB000D00371 /* AppConfigurations.swift in Sources */,
			);
			runOnlyForDeploymentPostprocessing = 0;
		};
		AEC2FD5B2A6E6D9900D00371 /* Sources */ = {
			isa = PBXSourcesBuildPhase;
			buildActionMask = 2147483647;
			files = (
				AEC2FD642A6E6D9900D00371 /* ClientTests.swift in Sources */,
			);
			runOnlyForDeploymentPostprocessing = 0;
		};
		AEC2FD652A6E6D9900D00371 /* Sources */ = {
			isa = PBXSourcesBuildPhase;
			buildActionMask = 2147483647;
			files = (
				AEC2FD6E2A6E6D9900D00371 /* ClientUITests.swift in Sources */,
				AEC2FD702A6E6D9900D00371 /* ClientUITestsLaunchTests.swift in Sources */,
			);
			runOnlyForDeploymentPostprocessing = 0;
		};
/* End PBXSourcesBuildPhase section */

/* Begin PBXTargetDependency section */
		AEC2FD612A6E6D9900D00371 /* PBXTargetDependency */ = {
			isa = PBXTargetDependency;
			target = AEC2FD482A6E6D9800D00371 /* Client */;
			targetProxy = AEC2FD602A6E6D9900D00371 /* PBXContainerItemProxy */;
		};
		AEC2FD6B2A6E6D9900D00371 /* PBXTargetDependency */ = {
			isa = PBXTargetDependency;
			target = AEC2FD482A6E6D9800D00371 /* Client */;
			targetProxy = AEC2FD6A2A6E6D9900D00371 /* PBXContainerItemProxy */;
		};
/* End PBXTargetDependency section */

/* Begin PBXVariantGroup section */
		AEC2FD572A6E6D9900D00371 /* LaunchScreen.storyboard */ = {
			isa = PBXVariantGroup;
			children = (
				AEC2FD582A6E6D9900D00371 /* Base */,
			);
			name = LaunchScreen.storyboard;
			sourceTree = "<group>";
		};
/* End PBXVariantGroup section */

/* Begin XCBuildConfiguration section */
		AEC2FD712A6E6D9900D00371 /* Debug */ = {
			isa = XCBuildConfiguration;
			buildSettings = {
				ALWAYS_SEARCH_USER_PATHS = NO;
				CLANG_ANALYZER_NONNULL = YES;
				CLANG_ANALYZER_NUMBER_OBJECT_CONVERSION = YES_AGGRESSIVE;
				CLANG_CXX_LANGUAGE_STANDARD = "gnu++20";
				CLANG_ENABLE_MODULES = YES;
				CLANG_ENABLE_OBJC_ARC = YES;
				CLANG_ENABLE_OBJC_WEAK = YES;
				CLANG_WARN_BLOCK_CAPTURE_AUTORELEASING = YES;
				CLANG_WARN_BOOL_CONVERSION = YES;
				CLANG_WARN_COMMA = YES;
				CLANG_WARN_CONSTANT_CONVERSION = YES;
				CLANG_WARN_DEPRECATED_OBJC_IMPLEMENTATIONS = YES;
				CLANG_WARN_DIRECT_OBJC_ISA_USAGE = YES_ERROR;
				CLANG_WARN_DOCUMENTATION_COMMENTS = YES;
				CLANG_WARN_EMPTY_BODY = YES;
				CLANG_WARN_ENUM_CONVERSION = YES;
				CLANG_WARN_INFINITE_RECURSION = YES;
				CLANG_WARN_INT_CONVERSION = YES;
				CLANG_WARN_NON_LITERAL_NULL_CONVERSION = YES;
				CLANG_WARN_OBJC_IMPLICIT_RETAIN_SELF = YES;
				CLANG_WARN_OBJC_LITERAL_CONVERSION = YES;
				CLANG_WARN_OBJC_ROOT_CLASS = YES_ERROR;
				CLANG_WARN_QUOTED_INCLUDE_IN_FRAMEWORK_HEADER = YES;
				CLANG_WARN_RANGE_LOOP_ANALYSIS = YES;
				CLANG_WARN_STRICT_PROTOTYPES = YES;
				CLANG_WARN_SUSPICIOUS_MOVE = YES;
				CLANG_WARN_UNGUARDED_AVAILABILITY = YES_AGGRESSIVE;
				CLANG_WARN_UNREACHABLE_CODE = YES;
				CLANG_WARN__DUPLICATE_METHOD_MATCH = YES;
				COPY_PHASE_STRIP = NO;
				DEBUG_INFORMATION_FORMAT = dwarf;
				ENABLE_STRICT_OBJC_MSGSEND = YES;
				ENABLE_TESTABILITY = YES;
				GCC_C_LANGUAGE_STANDARD = gnu11;
				GCC_DYNAMIC_NO_PIC = NO;
				GCC_NO_COMMON_BLOCKS = YES;
				GCC_OPTIMIZATION_LEVEL = 0;
				GCC_PREPROCESSOR_DEFINITIONS = (
					"DEBUG=1",
					"$(inherited)",
				);
				GCC_WARN_64_TO_32_BIT_CONVERSION = YES;
				GCC_WARN_ABOUT_RETURN_TYPE = YES_ERROR;
				GCC_WARN_UNDECLARED_SELECTOR = YES;
				GCC_WARN_UNINITIALIZED_AUTOS = YES_AGGRESSIVE;
				GCC_WARN_UNUSED_FUNCTION = YES;
				GCC_WARN_UNUSED_VARIABLE = YES;
				IPHONEOS_DEPLOYMENT_TARGET = 16.4;
				MTL_ENABLE_DEBUG_INFO = INCLUDE_SOURCE;
				MTL_FAST_MATH = YES;
				ONLY_ACTIVE_ARCH = YES;
				SDKROOT = iphoneos;
				SWIFT_ACTIVE_COMPILATION_CONDITIONS = DEBUG;
				SWIFT_OPTIMIZATION_LEVEL = "-Onone";
			};
			name = Debug;
		};
		AEC2FD722A6E6D9900D00371 /* Release */ = {
			isa = XCBuildConfiguration;
			buildSettings = {
				ALWAYS_SEARCH_USER_PATHS = NO;
				CLANG_ANALYZER_NONNULL = YES;
				CLANG_ANALYZER_NUMBER_OBJECT_CONVERSION = YES_AGGRESSIVE;
				CLANG_CXX_LANGUAGE_STANDARD = "gnu++20";
				CLANG_ENABLE_MODULES = YES;
				CLANG_ENABLE_OBJC_ARC = YES;
				CLANG_ENABLE_OBJC_WEAK = YES;
				CLANG_WARN_BLOCK_CAPTURE_AUTORELEASING = YES;
				CLANG_WARN_BOOL_CONVERSION = YES;
				CLANG_WARN_COMMA = YES;
				CLANG_WARN_CONSTANT_CONVERSION = YES;
				CLANG_WARN_DEPRECATED_OBJC_IMPLEMENTATIONS = YES;
				CLANG_WARN_DIRECT_OBJC_ISA_USAGE = YES_ERROR;
				CLANG_WARN_DOCUMENTATION_COMMENTS = YES;
				CLANG_WARN_EMPTY_BODY = YES;
				CLANG_WARN_ENUM_CONVERSION = YES;
				CLANG_WARN_INFINITE_RECURSION = YES;
				CLANG_WARN_INT_CONVERSION = YES;
				CLANG_WARN_NON_LITERAL_NULL_CONVERSION = YES;
				CLANG_WARN_OBJC_IMPLICIT_RETAIN_SELF = YES;
				CLANG_WARN_OBJC_LITERAL_CONVERSION = YES;
				CLANG_WARN_OBJC_ROOT_CLASS = YES_ERROR;
				CLANG_WARN_QUOTED_INCLUDE_IN_FRAMEWORK_HEADER = YES;
				CLANG_WARN_RANGE_LOOP_ANALYSIS = YES;
				CLANG_WARN_STRICT_PROTOTYPES = YES;
				CLANG_WARN_SUSPICIOUS_MOVE = YES;
				CLANG_WARN_UNGUARDED_AVAILABILITY = YES_AGGRESSIVE;
				CLANG_WARN_UNREACHABLE_CODE = YES;
				CLANG_WARN__DUPLICATE_METHOD_MATCH = YES;
				COPY_PHASE_STRIP = NO;
				DEBUG_INFORMATION_FORMAT = "dwarf-with-dsym";
				ENABLE_NS_ASSERTIONS = NO;
				ENABLE_STRICT_OBJC_MSGSEND = YES;
				GCC_C_LANGUAGE_STANDARD = gnu11;
				GCC_NO_COMMON_BLOCKS = YES;
				GCC_WARN_64_TO_32_BIT_CONVERSION = YES;
				GCC_WARN_ABOUT_RETURN_TYPE = YES_ERROR;
				GCC_WARN_UNDECLARED_SELECTOR = YES;
				GCC_WARN_UNINITIALIZED_AUTOS = YES_AGGRESSIVE;
				GCC_WARN_UNUSED_FUNCTION = YES;
				GCC_WARN_UNUSED_VARIABLE = YES;
				IPHONEOS_DEPLOYMENT_TARGET = 16.4;
				MTL_ENABLE_DEBUG_INFO = NO;
				MTL_FAST_MATH = YES;
				SDKROOT = iphoneos;
				SWIFT_COMPILATION_MODE = wholemodule;
				SWIFT_OPTIMIZATION_LEVEL = "-O";
				VALIDATE_PRODUCT = YES;
			};
			name = Release;
		};
		AEC2FD742A6E6D9900D00371 /* Debug */ = {
			isa = XCBuildConfiguration;
			buildSettings = {
				ASSETCATALOG_COMPILER_APPICON_NAME = AppIcon;
				ASSETCATALOG_COMPILER_GLOBAL_ACCENT_COLOR_NAME = AccentColor;
				CODE_SIGN_STYLE = Automatic;
				CURRENT_PROJECT_VERSION = 1;
				GENERATE_INFOPLIST_FILE = YES;
				INFOPLIST_FILE = Client/Info.plist;
				INFOPLIST_KEY_UIApplicationSupportsIndirectInputEvents = YES;
				INFOPLIST_KEY_UILaunchStoryboardName = LaunchScreen;
				INFOPLIST_KEY_UIMainStoryboardFile = Main;
				INFOPLIST_KEY_UISupportedInterfaceOrientations_iPad = "UIInterfaceOrientationPortrait UIInterfaceOrientationPortraitUpsideDown UIInterfaceOrientationLandscapeLeft UIInterfaceOrientationLandscapeRight";
				INFOPLIST_KEY_UISupportedInterfaceOrientations_iPhone = "UIInterfaceOrientationPortrait UIInterfaceOrientationLandscapeLeft UIInterfaceOrientationLandscapeRight";
				LD_RUNPATH_SEARCH_PATHS = (
					"$(inherited)",
					"@executable_path/Frameworks",
				);
				MARKETING_VERSION = 1.0;
				PRODUCT_BUNDLE_IDENTIFIER = com.hwanny.Client;
				PRODUCT_NAME = "$(TARGET_NAME)";
				SWIFT_EMIT_LOC_STRINGS = YES;
				SWIFT_VERSION = 5.0;
				TARGETED_DEVICE_FAMILY = "1,2";
			};
			name = Debug;
		};
		AEC2FD752A6E6D9900D00371 /* Release */ = {
			isa = XCBuildConfiguration;
			buildSettings = {
				ASSETCATALOG_COMPILER_APPICON_NAME = AppIcon;
				ASSETCATALOG_COMPILER_GLOBAL_ACCENT_COLOR_NAME = AccentColor;
				CODE_SIGN_STYLE = Automatic;
				CURRENT_PROJECT_VERSION = 1;
				GENERATE_INFOPLIST_FILE = YES;
				INFOPLIST_FILE = Client/Info.plist;
				INFOPLIST_KEY_UIApplicationSupportsIndirectInputEvents = YES;
				INFOPLIST_KEY_UILaunchStoryboardName = LaunchScreen;
				INFOPLIST_KEY_UIMainStoryboardFile = Main;
				INFOPLIST_KEY_UISupportedInterfaceOrientations_iPad = "UIInterfaceOrientationPortrait UIInterfaceOrientationPortraitUpsideDown UIInterfaceOrientationLandscapeLeft UIInterfaceOrientationLandscapeRight";
				INFOPLIST_KEY_UISupportedInterfaceOrientations_iPhone = "UIInterfaceOrientationPortrait UIInterfaceOrientationLandscapeLeft UIInterfaceOrientationLandscapeRight";
				LD_RUNPATH_SEARCH_PATHS = (
					"$(inherited)",
					"@executable_path/Frameworks",
				);
				MARKETING_VERSION = 1.0;
				PRODUCT_BUNDLE_IDENTIFIER = com.hwanny.Client;
				PRODUCT_NAME = "$(TARGET_NAME)";
				SWIFT_EMIT_LOC_STRINGS = YES;
				SWIFT_VERSION = 5.0;
				TARGETED_DEVICE_FAMILY = "1,2";
			};
			name = Release;
		};
		AEC2FD772A6E6D9900D00371 /* Debug */ = {
			isa = XCBuildConfiguration;
			buildSettings = {
				ALWAYS_EMBED_SWIFT_STANDARD_LIBRARIES = YES;
				BUNDLE_LOADER = "$(TEST_HOST)";
				CODE_SIGN_STYLE = Automatic;
				CURRENT_PROJECT_VERSION = 1;
				GENERATE_INFOPLIST_FILE = YES;
				IPHONEOS_DEPLOYMENT_TARGET = 16.4;
				MARKETING_VERSION = 1.0;
				PRODUCT_BUNDLE_IDENTIFIER = com.hwanny.ClientTests;
				PRODUCT_NAME = "$(TARGET_NAME)";
				SWIFT_EMIT_LOC_STRINGS = NO;
				SWIFT_VERSION = 5.0;
				TARGETED_DEVICE_FAMILY = "1,2";
				TEST_HOST = "$(BUILT_PRODUCTS_DIR)/Client.app/$(BUNDLE_EXECUTABLE_FOLDER_PATH)/Client";
			};
			name = Debug;
		};
		AEC2FD782A6E6D9900D00371 /* Release */ = {
			isa = XCBuildConfiguration;
			buildSettings = {
				ALWAYS_EMBED_SWIFT_STANDARD_LIBRARIES = YES;
				BUNDLE_LOADER = "$(TEST_HOST)";
				CODE_SIGN_STYLE = Automatic;
				CURRENT_PROJECT_VERSION = 1;
				GENERATE_INFOPLIST_FILE = YES;
				IPHONEOS_DEPLOYMENT_TARGET = 16.4;
				MARKETING_VERSION = 1.0;
				PRODUCT_BUNDLE_IDENTIFIER = com.hwanny.ClientTests;
				PRODUCT_NAME = "$(TARGET_NAME)";
				SWIFT_EMIT_LOC_STRINGS = NO;
				SWIFT_VERSION = 5.0;
				TARGETED_DEVICE_FAMILY = "1,2";
				TEST_HOST = "$(BUILT_PRODUCTS_DIR)/Client.app/$(BUNDLE_EXECUTABLE_FOLDER_PATH)/Client";
			};
			name = Release;
		};
		AEC2FD7A2A6E6D9900D00371 /* Debug */ = {
			isa = XCBuildConfiguration;
			buildSettings = {
				ALWAYS_EMBED_SWIFT_STANDARD_LIBRARIES = YES;
				CODE_SIGN_STYLE = Automatic;
				CURRENT_PROJECT_VERSION = 1;
				GENERATE_INFOPLIST_FILE = YES;
				MARKETING_VERSION = 1.0;
				PRODUCT_BUNDLE_IDENTIFIER = com.hwanny.ClientUITests;
				PRODUCT_NAME = "$(TARGET_NAME)";
				SWIFT_EMIT_LOC_STRINGS = NO;
				SWIFT_VERSION = 5.0;
				TARGETED_DEVICE_FAMILY = "1,2";
				TEST_TARGET_NAME = Client;
			};
			name = Debug;
		};
		AEC2FD7B2A6E6D9900D00371 /* Release */ = {
			isa = XCBuildConfiguration;
			buildSettings = {
				ALWAYS_EMBED_SWIFT_STANDARD_LIBRARIES = YES;
				CODE_SIGN_STYLE = Automatic;
				CURRENT_PROJECT_VERSION = 1;
				GENERATE_INFOPLIST_FILE = YES;
				MARKETING_VERSION = 1.0;
				PRODUCT_BUNDLE_IDENTIFIER = com.hwanny.ClientUITests;
				PRODUCT_NAME = "$(TARGET_NAME)";
				SWIFT_EMIT_LOC_STRINGS = NO;
				SWIFT_VERSION = 5.0;
				TARGETED_DEVICE_FAMILY = "1,2";
				TEST_TARGET_NAME = Client;
			};
			name = Release;
		};
/* End XCBuildConfiguration section */

/* Begin XCConfigurationList section */
		AEC2FD442A6E6D9800D00371 /* Build configuration list for PBXProject "Client" */ = {
			isa = XCConfigurationList;
			buildConfigurations = (
				AEC2FD712A6E6D9900D00371 /* Debug */,
				AEC2FD722A6E6D9900D00371 /* Release */,
			);
			defaultConfigurationIsVisible = 0;
			defaultConfigurationName = Release;
		};
		AEC2FD732A6E6D9900D00371 /* Build configuration list for PBXNativeTarget "Client" */ = {
			isa = XCConfigurationList;
			buildConfigurations = (
				AEC2FD742A6E6D9900D00371 /* Debug */,
				AEC2FD752A6E6D9900D00371 /* Release */,
			);
			defaultConfigurationIsVisible = 0;
			defaultConfigurationName = Release;
		};
		AEC2FD762A6E6D9900D00371 /* Build configuration list for PBXNativeTarget "ClientTests" */ = {
			isa = XCConfigurationList;
			buildConfigurations = (
				AEC2FD772A6E6D9900D00371 /* Debug */,
				AEC2FD782A6E6D9900D00371 /* Release */,
			);
			defaultConfigurationIsVisible = 0;
			defaultConfigurationName = Release;
		};
		AEC2FD792A6E6D9900D00371 /* Build configuration list for PBXNativeTarget "ClientUITests" */ = {
			isa = XCConfigurationList;
			buildConfigurations = (
				AEC2FD7A2A6E6D9900D00371 /* Debug */,
				AEC2FD7B2A6E6D9900D00371 /* Release */,
			);
			defaultConfigurationIsVisible = 0;
			defaultConfigurationName = Release;
		};
/* End XCConfigurationList section */
	};
	rootObject = AEC2FD412A6E6D9800D00371 /* Project object */;
}
