// !$*UTF8*$!
{
	archiveVersion = 1;
	classes = {
	};
	objectVersion = 56;
	objects = {

/* Begin PBXBuildFile section */
		AE7BEB6F2A4C412600310CC4 /* completion_testApp.swift in Sources */ = {isa = PBXBuildFile; fileRef = AE7BEB6E2A4C412600310CC4 /* completion_testApp.swift */; };
		AE7BEB712A4C412600310CC4 /* ContentView.swift in Sources */ = {isa = PBXBuildFile; fileRef = AE7BEB702A4C412600310CC4 /* ContentView.swift */; };
		AE7BEB732A4C412700310CC4 /* Assets.xcassets in Resources */ = {isa = PBXBuildFile; fileRef = AE7BEB722A4C412700310CC4 /* Assets.xcassets */; };
		AE7BEB762A4C412700310CC4 /* Preview Assets.xcassets in Resources */ = {isa = PBXBuildFile; fileRef = AE7BEB752A4C412700310CC4 /* Preview Assets.xcassets */; };
		AE7BEB802A4C412700310CC4 /* completion_testTests.swift in Sources */ = {isa = PBXBuildFile; fileRef = AE7BEB7F2A4C412700310CC4 /* completion_testTests.swift */; };
		AE7BEB8A2A4C412700310CC4 /* completion_testUITests.swift in Sources */ = {isa = PBXBuildFile; fileRef = AE7BEB892A4C412700310CC4 /* completion_testUITests.swift */; };
		AE7BEB8C2A4C412700310CC4 /* completion_testUITestsLaunchTests.swift in Sources */ = {isa = PBXBuildFile; fileRef = AE7BEB8B2A4C412700310CC4 /* completion_testUITestsLaunchTests.swift */; };
		AE7BEB992A4C461F00310CC4 /* News.swift in Sources */ = {isa = PBXBuildFile; fileRef = AE7BEB982A4C461F00310CC4 /* News.swift */; };
		AE7BEB9B2A4C486A00310CC4 /* NewsState.swift in Sources */ = {isa = PBXBuildFile; fileRef = AE7BEB9A2A4C486A00310CC4 /* NewsState.swift */; };
		AE7BEB9D2A4C4B4000310CC4 /* Service.swift in Sources */ = {isa = PBXBuildFile; fileRef = AE7BEB9C2A4C4B4000310CC4 /* Service.swift */; };
/* End PBXBuildFile section */

/* Begin PBXContainerItemProxy section */
		AE7BEB7C2A4C412700310CC4 /* PBXContainerItemProxy */ = {
			isa = PBXContainerItemProxy;
			containerPortal = AE7BEB632A4C412600310CC4 /* Project object */;
			proxyType = 1;
			remoteGlobalIDString = AE7BEB6A2A4C412600310CC4;
			remoteInfo = completion_test;
		};
		AE7BEB862A4C412700310CC4 /* PBXContainerItemProxy */ = {
			isa = PBXContainerItemProxy;
			containerPortal = AE7BEB632A4C412600310CC4 /* Project object */;
			proxyType = 1;
			remoteGlobalIDString = AE7BEB6A2A4C412600310CC4;
			remoteInfo = completion_test;
		};
/* End PBXContainerItemProxy section */

/* Begin PBXFileReference section */
		AE7BEB6B2A4C412600310CC4 /* completion_test.app */ = {isa = PBXFileReference; explicitFileType = wrapper.application; includeInIndex = 0; path = completion_test.app; sourceTree = BUILT_PRODUCTS_DIR; };
		AE7BEB6E2A4C412600310CC4 /* completion_testApp.swift */ = {isa = PBXFileReference; lastKnownFileType = sourcecode.swift; path = completion_testApp.swift; sourceTree = "<group>"; };
		AE7BEB702A4C412600310CC4 /* ContentView.swift */ = {isa = PBXFileReference; lastKnownFileType = sourcecode.swift; path = ContentView.swift; sourceTree = "<group>"; };
		AE7BEB722A4C412700310CC4 /* Assets.xcassets */ = {isa = PBXFileReference; lastKnownFileType = folder.assetcatalog; path = Assets.xcassets; sourceTree = "<group>"; };
		AE7BEB752A4C412700310CC4 /* Preview Assets.xcassets */ = {isa = PBXFileReference; lastKnownFileType = folder.assetcatalog; path = "Preview Assets.xcassets"; sourceTree = "<group>"; };
		AE7BEB7B2A4C412700310CC4 /* completion_testTests.xctest */ = {isa = PBXFileReference; explicitFileType = wrapper.cfbundle; includeInIndex = 0; path = completion_testTests.xctest; sourceTree = BUILT_PRODUCTS_DIR; };
		AE7BEB7F2A4C412700310CC4 /* completion_testTests.swift */ = {isa = PBXFileReference; lastKnownFileType = sourcecode.swift; path = completion_testTests.swift; sourceTree = "<group>"; };
		AE7BEB852A4C412700310CC4 /* completion_testUITests.xctest */ = {isa = PBXFileReference; explicitFileType = wrapper.cfbundle; includeInIndex = 0; path = completion_testUITests.xctest; sourceTree = BUILT_PRODUCTS_DIR; };
		AE7BEB892A4C412700310CC4 /* completion_testUITests.swift */ = {isa = PBXFileReference; lastKnownFileType = sourcecode.swift; path = completion_testUITests.swift; sourceTree = "<group>"; };
		AE7BEB8B2A4C412700310CC4 /* completion_testUITestsLaunchTests.swift */ = {isa = PBXFileReference; lastKnownFileType = sourcecode.swift; path = completion_testUITestsLaunchTests.swift; sourceTree = "<group>"; };
		AE7BEB982A4C461F00310CC4 /* News.swift */ = {isa = PBXFileReference; lastKnownFileType = sourcecode.swift; path = News.swift; sourceTree = "<group>"; };
		AE7BEB9A2A4C486A00310CC4 /* NewsState.swift */ = {isa = PBXFileReference; lastKnownFileType = sourcecode.swift; path = NewsState.swift; sourceTree = "<group>"; };
		AE7BEB9C2A4C4B4000310CC4 /* Service.swift */ = {isa = PBXFileReference; lastKnownFileType = sourcecode.swift; path = Service.swift; sourceTree = "<group>"; };
/* End PBXFileReference section */

/* Begin PBXFrameworksBuildPhase section */
		AE7BEB682A4C412600310CC4 /* Frameworks */ = {
			isa = PBXFrameworksBuildPhase;
			buildActionMask = 2147483647;
			files = (
			);
			runOnlyForDeploymentPostprocessing = 0;
		};
		AE7BEB782A4C412700310CC4 /* Frameworks */ = {
			isa = PBXFrameworksBuildPhase;
			buildActionMask = 2147483647;
			files = (
			);
			runOnlyForDeploymentPostprocessing = 0;
		};
		AE7BEB822A4C412700310CC4 /* Frameworks */ = {
			isa = PBXFrameworksBuildPhase;
			buildActionMask = 2147483647;
			files = (
			);
			runOnlyForDeploymentPostprocessing = 0;
		};
/* End PBXFrameworksBuildPhase section */

/* Begin PBXGroup section */
		AE7BEB622A4C412600310CC4 = {
			isa = PBXGroup;
			children = (
				AE7BEB6D2A4C412600310CC4 /* completion_test */,
				AE7BEB7E2A4C412700310CC4 /* completion_testTests */,
				AE7BEB882A4C412700310CC4 /* completion_testUITests */,
				AE7BEB6C2A4C412600310CC4 /* Products */,
			);
			sourceTree = "<group>";
		};
		AE7BEB6C2A4C412600310CC4 /* Products */ = {
			isa = PBXGroup;
			children = (
				AE7BEB6B2A4C412600310CC4 /* completion_test.app */,
				AE7BEB7B2A4C412700310CC4 /* completion_testTests.xctest */,
				AE7BEB852A4C412700310CC4 /* completion_testUITests.xctest */,
			);
			name = Products;
			sourceTree = "<group>";
		};
		AE7BEB6D2A4C412600310CC4 /* completion_test */ = {
			isa = PBXGroup;
			children = (
				AE7BEB6E2A4C412600310CC4 /* completion_testApp.swift */,
				AE7BEB702A4C412600310CC4 /* ContentView.swift */,
				AE7BEB982A4C461F00310CC4 /* News.swift */,
				AE7BEB9A2A4C486A00310CC4 /* NewsState.swift */,
				AE7BEB9C2A4C4B4000310CC4 /* Service.swift */,
				AE7BEB722A4C412700310CC4 /* Assets.xcassets */,
				AE7BEB742A4C412700310CC4 /* Preview Content */,
			);
			path = completion_test;
			sourceTree = "<group>";
		};
		AE7BEB742A4C412700310CC4 /* Preview Content */ = {
			isa = PBXGroup;
			children = (
				AE7BEB752A4C412700310CC4 /* Preview Assets.xcassets */,
			);
			path = "Preview Content";
			sourceTree = "<group>";
		};
		AE7BEB7E2A4C412700310CC4 /* completion_testTests */ = {
			isa = PBXGroup;
			children = (
				AE7BEB7F2A4C412700310CC4 /* completion_testTests.swift */,
			);
			path = completion_testTests;
			sourceTree = "<group>";
		};
		AE7BEB882A4C412700310CC4 /* completion_testUITests */ = {
			isa = PBXGroup;
			children = (
				AE7BEB892A4C412700310CC4 /* completion_testUITests.swift */,
				AE7BEB8B2A4C412700310CC4 /* completion_testUITestsLaunchTests.swift */,
			);
			path = completion_testUITests;
			sourceTree = "<group>";
		};
/* End PBXGroup section */

/* Begin PBXNativeTarget section */
		AE7BEB6A2A4C412600310CC4 /* completion_test */ = {
			isa = PBXNativeTarget;
			buildConfigurationList = AE7BEB8F2A4C412700310CC4 /* Build configuration list for PBXNativeTarget "completion_test" */;
			buildPhases = (
				AE7BEB672A4C412600310CC4 /* Sources */,
				AE7BEB682A4C412600310CC4 /* Frameworks */,
				AE7BEB692A4C412600310CC4 /* Resources */,
			);
			buildRules = (
			);
			dependencies = (
			);
			name = completion_test;
			productName = completion_test;
			productReference = AE7BEB6B2A4C412600310CC4 /* completion_test.app */;
			productType = "com.apple.product-type.application";
		};
		AE7BEB7A2A4C412700310CC4 /* completion_testTests */ = {
			isa = PBXNativeTarget;
			buildConfigurationList = AE7BEB922A4C412700310CC4 /* Build configuration list for PBXNativeTarget "completion_testTests" */;
			buildPhases = (
				AE7BEB772A4C412700310CC4 /* Sources */,
				AE7BEB782A4C412700310CC4 /* Frameworks */,
				AE7BEB792A4C412700310CC4 /* Resources */,
			);
			buildRules = (
			);
			dependencies = (
				AE7BEB7D2A4C412700310CC4 /* PBXTargetDependency */,
			);
			name = completion_testTests;
			productName = completion_testTests;
			productReference = AE7BEB7B2A4C412700310CC4 /* completion_testTests.xctest */;
			productType = "com.apple.product-type.bundle.unit-test";
		};
		AE7BEB842A4C412700310CC4 /* completion_testUITests */ = {
			isa = PBXNativeTarget;
			buildConfigurationList = AE7BEB952A4C412700310CC4 /* Build configuration list for PBXNativeTarget "completion_testUITests" */;
			buildPhases = (
				AE7BEB812A4C412700310CC4 /* Sources */,
				AE7BEB822A4C412700310CC4 /* Frameworks */,
				AE7BEB832A4C412700310CC4 /* Resources */,
			);
			buildRules = (
			);
			dependencies = (
				AE7BEB872A4C412700310CC4 /* PBXTargetDependency */,
			);
			name = completion_testUITests;
			productName = completion_testUITests;
			productReference = AE7BEB852A4C412700310CC4 /* completion_testUITests.xctest */;
			productType = "com.apple.product-type.bundle.ui-testing";
		};
/* End PBXNativeTarget section */

/* Begin PBXProject section */
		AE7BEB632A4C412600310CC4 /* Project object */ = {
			isa = PBXProject;
			attributes = {
				BuildIndependentTargetsInParallel = 1;
				LastSwiftUpdateCheck = 1430;
				LastUpgradeCheck = 1430;
				TargetAttributes = {
					AE7BEB6A2A4C412600310CC4 = {
						CreatedOnToolsVersion = 14.3.1;
					};
					AE7BEB7A2A4C412700310CC4 = {
						CreatedOnToolsVersion = 14.3.1;
						TestTargetID = AE7BEB6A2A4C412600310CC4;
					};
					AE7BEB842A4C412700310CC4 = {
						CreatedOnToolsVersion = 14.3.1;
						TestTargetID = AE7BEB6A2A4C412600310CC4;
					};
				};
			};
			buildConfigurationList = AE7BEB662A4C412600310CC4 /* Build configuration list for PBXProject "completion_test" */;
			compatibilityVersion = "Xcode 14.0";
			developmentRegion = en;
			hasScannedForEncodings = 0;
			knownRegions = (
				en,
				Base,
			);
			mainGroup = AE7BEB622A4C412600310CC4;
			productRefGroup = AE7BEB6C2A4C412600310CC4 /* Products */;
			projectDirPath = "";
			projectRoot = "";
			targets = (
				AE7BEB6A2A4C412600310CC4 /* completion_test */,
				AE7BEB7A2A4C412700310CC4 /* completion_testTests */,
				AE7BEB842A4C412700310CC4 /* completion_testUITests */,
			);
		};
/* End PBXProject section */

/* Begin PBXResourcesBuildPhase section */
		AE7BEB692A4C412600310CC4 /* Resources */ = {
			isa = PBXResourcesBuildPhase;
			buildActionMask = 2147483647;
			files = (
				AE7BEB762A4C412700310CC4 /* Preview Assets.xcassets in Resources */,
				AE7BEB732A4C412700310CC4 /* Assets.xcassets in Resources */,
			);
			runOnlyForDeploymentPostprocessing = 0;
		};
		AE7BEB792A4C412700310CC4 /* Resources */ = {
			isa = PBXResourcesBuildPhase;
			buildActionMask = 2147483647;
			files = (
			);
			runOnlyForDeploymentPostprocessing = 0;
		};
		AE7BEB832A4C412700310CC4 /* Resources */ = {
			isa = PBXResourcesBuildPhase;
			buildActionMask = 2147483647;
			files = (
			);
			runOnlyForDeploymentPostprocessing = 0;
		};
/* End PBXResourcesBuildPhase section */

/* Begin PBXSourcesBuildPhase section */
		AE7BEB672A4C412600310CC4 /* Sources */ = {
			isa = PBXSourcesBuildPhase;
			buildActionMask = 2147483647;
			files = (
				AE7BEB992A4C461F00310CC4 /* News.swift in Sources */,
				AE7BEB9B2A4C486A00310CC4 /* NewsState.swift in Sources */,
				AE7BEB9D2A4C4B4000310CC4 /* Service.swift in Sources */,
				AE7BEB712A4C412600310CC4 /* ContentView.swift in Sources */,
				AE7BEB6F2A4C412600310CC4 /* completion_testApp.swift in Sources */,
			);
			runOnlyForDeploymentPostprocessing = 0;
		};
		AE7BEB772A4C412700310CC4 /* Sources */ = {
			isa = PBXSourcesBuildPhase;
			buildActionMask = 2147483647;
			files = (
				AE7BEB802A4C412700310CC4 /* completion_testTests.swift in Sources */,
			);
			runOnlyForDeploymentPostprocessing = 0;
		};
		AE7BEB812A4C412700310CC4 /* Sources */ = {
			isa = PBXSourcesBuildPhase;
			buildActionMask = 2147483647;
			files = (
				AE7BEB8C2A4C412700310CC4 /* completion_testUITestsLaunchTests.swift in Sources */,
				AE7BEB8A2A4C412700310CC4 /* completion_testUITests.swift in Sources */,
			);
			runOnlyForDeploymentPostprocessing = 0;
		};
/* End PBXSourcesBuildPhase section */

/* Begin PBXTargetDependency section */
		AE7BEB7D2A4C412700310CC4 /* PBXTargetDependency */ = {
			isa = PBXTargetDependency;
			target = AE7BEB6A2A4C412600310CC4 /* completion_test */;
			targetProxy = AE7BEB7C2A4C412700310CC4 /* PBXContainerItemProxy */;
		};
		AE7BEB872A4C412700310CC4 /* PBXTargetDependency */ = {
			isa = PBXTargetDependency;
			target = AE7BEB6A2A4C412600310CC4 /* completion_test */;
			targetProxy = AE7BEB862A4C412700310CC4 /* PBXContainerItemProxy */;
		};
/* End PBXTargetDependency section */

/* Begin XCBuildConfiguration section */
		AE7BEB8D2A4C412700310CC4 /* Debug */ = {
			isa = XCBuildConfiguration;
			buildSettings = {
				ALWAYS_SEARCH_USER_PATHS = NO;
				CLANG_ANALYZER_NONNULL = YES;
				CLANG_ANALYZER_NUMBER_OBJECT_CONVERSION = YES_AGGRESSIVE;
				CLANG_CXX_LANGUAGE_STANDARD = "gnu++20";
				CLANG_ENABLE_MODULES = YES;
				CLANG_ENABLE_OBJC_ARC = YES;
				CLANG_ENABLE_OBJC_WEAK = YES;
				CLANG_WARN_BLOCK_CAPTURE_AUTORELEASING = YES;
				CLANG_WARN_BOOL_CONVERSION = YES;
				CLANG_WARN_COMMA = YES;
				CLANG_WARN_CONSTANT_CONVERSION = YES;
				CLANG_WARN_DEPRECATED_OBJC_IMPLEMENTATIONS = YES;
				CLANG_WARN_DIRECT_OBJC_ISA_USAGE = YES_ERROR;
				CLANG_WARN_DOCUMENTATION_COMMENTS = YES;
				CLANG_WARN_EMPTY_BODY = YES;
				CLANG_WARN_ENUM_CONVERSION = YES;
				CLANG_WARN_INFINITE_RECURSION = YES;
				CLANG_WARN_INT_CONVERSION = YES;
				CLANG_WARN_NON_LITERAL_NULL_CONVERSION = YES;
				CLANG_WARN_OBJC_IMPLICIT_RETAIN_SELF = YES;
				CLANG_WARN_OBJC_LITERAL_CONVERSION = YES;
				CLANG_WARN_OBJC_ROOT_CLASS = YES_ERROR;
				CLANG_WARN_QUOTED_INCLUDE_IN_FRAMEWORK_HEADER = YES;
				CLANG_WARN_RANGE_LOOP_ANALYSIS = YES;
				CLANG_WARN_STRICT_PROTOTYPES = YES;
				CLANG_WARN_SUSPICIOUS_MOVE = YES;
				CLANG_WARN_UNGUARDED_AVAILABILITY = YES_AGGRESSIVE;
				CLANG_WARN_UNREACHABLE_CODE = YES;
				CLANG_WARN__DUPLICATE_METHOD_MATCH = YES;
				COPY_PHASE_STRIP = NO;
				DEBUG_INFORMATION_FORMAT = dwarf;
				ENABLE_STRICT_OBJC_MSGSEND = YES;
				ENABLE_TESTABILITY = YES;
				GCC_C_LANGUAGE_STANDARD = gnu11;
				GCC_DYNAMIC_NO_PIC = NO;
				GCC_NO_COMMON_BLOCKS = YES;
				GCC_OPTIMIZATION_LEVEL = 0;
				GCC_PREPROCESSOR_DEFINITIONS = (
					"DEBUG=1",
					"$(inherited)",
				);
				GCC_WARN_64_TO_32_BIT_CONVERSION = YES;
				GCC_WARN_ABOUT_RETURN_TYPE = YES_ERROR;
				GCC_WARN_UNDECLARED_SELECTOR = YES;
				GCC_WARN_UNINITIALIZED_AUTOS = YES_AGGRESSIVE;
				GCC_WARN_UNUSED_FUNCTION = YES;
				GCC_WARN_UNUSED_VARIABLE = YES;
				IPHONEOS_DEPLOYMENT_TARGET = 16.4;
				MTL_ENABLE_DEBUG_INFO = INCLUDE_SOURCE;
				MTL_FAST_MATH = YES;
				ONLY_ACTIVE_ARCH = YES;
				SDKROOT = iphoneos;
				SWIFT_ACTIVE_COMPILATION_CONDITIONS = DEBUG;
				SWIFT_OPTIMIZATION_LEVEL = "-Onone";
			};
			name = Debug;
		};
		AE7BEB8E2A4C412700310CC4 /* Release */ = {
			isa = XCBuildConfiguration;
			buildSettings = {
				ALWAYS_SEARCH_USER_PATHS = NO;
				CLANG_ANALYZER_NONNULL = YES;
				CLANG_ANALYZER_NUMBER_OBJECT_CONVERSION = YES_AGGRESSIVE;
				CLANG_CXX_LANGUAGE_STANDARD = "gnu++20";
				CLANG_ENABLE_MODULES = YES;
				CLANG_ENABLE_OBJC_ARC = YES;
				CLANG_ENABLE_OBJC_WEAK = YES;
				CLANG_WARN_BLOCK_CAPTURE_AUTORELEASING = YES;
				CLANG_WARN_BOOL_CONVERSION = YES;
				CLANG_WARN_COMMA = YES;
				CLANG_WARN_CONSTANT_CONVERSION = YES;
				CLANG_WARN_DEPRECATED_OBJC_IMPLEMENTATIONS = YES;
				CLANG_WARN_DIRECT_OBJC_ISA_USAGE = YES_ERROR;
				CLANG_WARN_DOCUMENTATION_COMMENTS = YES;
				CLANG_WARN_EMPTY_BODY = YES;
				CLANG_WARN_ENUM_CONVERSION = YES;
				CLANG_WARN_INFINITE_RECURSION = YES;
				CLANG_WARN_INT_CONVERSION = YES;
				CLANG_WARN_NON_LITERAL_NULL_CONVERSION = YES;
				CLANG_WARN_OBJC_IMPLICIT_RETAIN_SELF = YES;
				CLANG_WARN_OBJC_LITERAL_CONVERSION = YES;
				CLANG_WARN_OBJC_ROOT_CLASS = YES_ERROR;
				CLANG_WARN_QUOTED_INCLUDE_IN_FRAMEWORK_HEADER = YES;
				CLANG_WARN_RANGE_LOOP_ANALYSIS = YES;
				CLANG_WARN_STRICT_PROTOTYPES = YES;
				CLANG_WARN_SUSPICIOUS_MOVE = YES;
				CLANG_WARN_UNGUARDED_AVAILABILITY = YES_AGGRESSIVE;
				CLANG_WARN_UNREACHABLE_CODE = YES;
				CLANG_WARN__DUPLICATE_METHOD_MATCH = YES;
				COPY_PHASE_STRIP = NO;
				DEBUG_INFORMATION_FORMAT = "dwarf-with-dsym";
				ENABLE_NS_ASSERTIONS = NO;
				ENABLE_STRICT_OBJC_MSGSEND = YES;
				GCC_C_LANGUAGE_STANDARD = gnu11;
				GCC_NO_COMMON_BLOCKS = YES;
				GCC_WARN_64_TO_32_BIT_CONVERSION = YES;
				GCC_WARN_ABOUT_RETURN_TYPE = YES_ERROR;
				GCC_WARN_UNDECLARED_SELECTOR = YES;
				GCC_WARN_UNINITIALIZED_AUTOS = YES_AGGRESSIVE;
				GCC_WARN_UNUSED_FUNCTION = YES;
				GCC_WARN_UNUSED_VARIABLE = YES;
				IPHONEOS_DEPLOYMENT_TARGET = 16.4;
				MTL_ENABLE_DEBUG_INFO = NO;
				MTL_FAST_MATH = YES;
				SDKROOT = iphoneos;
				SWIFT_COMPILATION_MODE = wholemodule;
				SWIFT_OPTIMIZATION_LEVEL = "-O";
				VALIDATE_PRODUCT = YES;
			};
			name = Release;
		};
		AE7BEB902A4C412700310CC4 /* Debug */ = {
			isa = XCBuildConfiguration;
			buildSettings = {
				ASSETCATALOG_COMPILER_APPICON_NAME = AppIcon;
				ASSETCATALOG_COMPILER_GLOBAL_ACCENT_COLOR_NAME = AccentColor;
				CODE_SIGN_STYLE = Automatic;
				CURRENT_PROJECT_VERSION = 1;
				DEVELOPMENT_ASSET_PATHS = "\"completion_test/Preview Content\"";
				ENABLE_PREVIEWS = YES;
				GENERATE_INFOPLIST_FILE = YES;
				INFOPLIST_KEY_UIApplicationSceneManifest_Generation = YES;
				INFOPLIST_KEY_UIApplicationSupportsIndirectInputEvents = YES;
				INFOPLIST_KEY_UILaunchScreen_Generation = YES;
				INFOPLIST_KEY_UISupportedInterfaceOrientations_iPad = "UIInterfaceOrientationPortrait UIInterfaceOrientationPortraitUpsideDown UIInterfaceOrientationLandscapeLeft UIInterfaceOrientationLandscapeRight";
				INFOPLIST_KEY_UISupportedInterfaceOrientations_iPhone = "UIInterfaceOrientationPortrait UIInterfaceOrientationLandscapeLeft UIInterfaceOrientationLandscapeRight";
				LD_RUNPATH_SEARCH_PATHS = (
					"$(inherited)",
					"@executable_path/Frameworks",
				);
				MARKETING_VERSION = 1.0;
				PRODUCT_BUNDLE_IDENTIFIER = "com.hwanny.completion-test";
				PRODUCT_NAME = "$(TARGET_NAME)";
				SWIFT_EMIT_LOC_STRINGS = YES;
				SWIFT_VERSION = 5.0;
				TARGETED_DEVICE_FAMILY = "1,2";
			};
			name = Debug;
		};
		AE7BEB912A4C412700310CC4 /* Release */ = {
			isa = XCBuildConfiguration;
			buildSettings = {
				ASSETCATALOG_COMPILER_APPICON_NAME = AppIcon;
				ASSETCATALOG_COMPILER_GLOBAL_ACCENT_COLOR_NAME = AccentColor;
				CODE_SIGN_STYLE = Automatic;
				CURRENT_PROJECT_VERSION = 1;
				DEVELOPMENT_ASSET_PATHS = "\"completion_test/Preview Content\"";
				ENABLE_PREVIEWS = YES;
				GENERATE_INFOPLIST_FILE = YES;
				INFOPLIST_KEY_UIApplicationSceneManifest_Generation = YES;
				INFOPLIST_KEY_UIApplicationSupportsIndirectInputEvents = YES;
				INFOPLIST_KEY_UILaunchScreen_Generation = YES;
				INFOPLIST_KEY_UISupportedInterfaceOrientations_iPad = "UIInterfaceOrientationPortrait UIInterfaceOrientationPortraitUpsideDown UIInterfaceOrientationLandscapeLeft UIInterfaceOrientationLandscapeRight";
				INFOPLIST_KEY_UISupportedInterfaceOrientations_iPhone = "UIInterfaceOrientationPortrait UIInterfaceOrientationLandscapeLeft UIInterfaceOrientationLandscapeRight";
				LD_RUNPATH_SEARCH_PATHS = (
					"$(inherited)",
					"@executable_path/Frameworks",
				);
				MARKETING_VERSION = 1.0;
				PRODUCT_BUNDLE_IDENTIFIER = "com.hwanny.completion-test";
				PRODUCT_NAME = "$(TARGET_NAME)";
				SWIFT_EMIT_LOC_STRINGS = YES;
				SWIFT_VERSION = 5.0;
				TARGETED_DEVICE_FAMILY = "1,2";
			};
			name = Release;
		};
		AE7BEB932A4C412700310CC4 /* Debug */ = {
			isa = XCBuildConfiguration;
			buildSettings = {
				ALWAYS_EMBED_SWIFT_STANDARD_LIBRARIES = YES;
				BUNDLE_LOADER = "$(TEST_HOST)";
				CODE_SIGN_STYLE = Automatic;
				CURRENT_PROJECT_VERSION = 1;
				GENERATE_INFOPLIST_FILE = YES;
				IPHONEOS_DEPLOYMENT_TARGET = 16.4;
				MARKETING_VERSION = 1.0;
				PRODUCT_BUNDLE_IDENTIFIER = "com.hwanny.completion-testTests";
				PRODUCT_NAME = "$(TARGET_NAME)";
				SWIFT_EMIT_LOC_STRINGS = NO;
				SWIFT_VERSION = 5.0;
				TARGETED_DEVICE_FAMILY = "1,2";
				TEST_HOST = "$(BUILT_PRODUCTS_DIR)/completion_test.app/$(BUNDLE_EXECUTABLE_FOLDER_PATH)/completion_test";
			};
			name = Debug;
		};
		AE7BEB942A4C412700310CC4 /* Release */ = {
			isa = XCBuildConfiguration;
			buildSettings = {
				ALWAYS_EMBED_SWIFT_STANDARD_LIBRARIES = YES;
				BUNDLE_LOADER = "$(TEST_HOST)";
				CODE_SIGN_STYLE = Automatic;
				CURRENT_PROJECT_VERSION = 1;
				GENERATE_INFOPLIST_FILE = YES;
				IPHONEOS_DEPLOYMENT_TARGET = 16.4;
				MARKETING_VERSION = 1.0;
				PRODUCT_BUNDLE_IDENTIFIER = "com.hwanny.completion-testTests";
				PRODUCT_NAME = "$(TARGET_NAME)";
				SWIFT_EMIT_LOC_STRINGS = NO;
				SWIFT_VERSION = 5.0;
				TARGETED_DEVICE_FAMILY = "1,2";
				TEST_HOST = "$(BUILT_PRODUCTS_DIR)/completion_test.app/$(BUNDLE_EXECUTABLE_FOLDER_PATH)/completion_test";
			};
			name = Release;
		};
		AE7BEB962A4C412700310CC4 /* Debug */ = {
			isa = XCBuildConfiguration;
			buildSettings = {
				ALWAYS_EMBED_SWIFT_STANDARD_LIBRARIES = YES;
				CODE_SIGN_STYLE = Automatic;
				CURRENT_PROJECT_VERSION = 1;
				GENERATE_INFOPLIST_FILE = YES;
				MARKETING_VERSION = 1.0;
				PRODUCT_BUNDLE_IDENTIFIER = "com.hwanny.completion-testUITests";
				PRODUCT_NAME = "$(TARGET_NAME)";
				SWIFT_EMIT_LOC_STRINGS = NO;
				SWIFT_VERSION = 5.0;
				TARGETED_DEVICE_FAMILY = "1,2";
				TEST_TARGET_NAME = completion_test;
			};
			name = Debug;
		};
		AE7BEB972A4C412700310CC4 /* Release */ = {
			isa = XCBuildConfiguration;
			buildSettings = {
				ALWAYS_EMBED_SWIFT_STANDARD_LIBRARIES = YES;
				CODE_SIGN_STYLE = Automatic;
				CURRENT_PROJECT_VERSION = 1;
				GENERATE_INFOPLIST_FILE = YES;
				MARKETING_VERSION = 1.0;
				PRODUCT_BUNDLE_IDENTIFIER = "com.hwanny.completion-testUITests";
				PRODUCT_NAME = "$(TARGET_NAME)";
				SWIFT_EMIT_LOC_STRINGS = NO;
				SWIFT_VERSION = 5.0;
				TARGETED_DEVICE_FAMILY = "1,2";
				TEST_TARGET_NAME = completion_test;
			};
			name = Release;
		};
/* End XCBuildConfiguration section */

/* Begin XCConfigurationList section */
		AE7BEB662A4C412600310CC4 /* Build configuration list for PBXProject "completion_test" */ = {
			isa = XCConfigurationList;
			buildConfigurations = (
				AE7BEB8D2A4C412700310CC4 /* Debug */,
				AE7BEB8E2A4C412700310CC4 /* Release */,
			);
			defaultConfigurationIsVisible = 0;
			defaultConfigurationName = Release;
		};
		AE7BEB8F2A4C412700310CC4 /* Build configuration list for PBXNativeTarget "completion_test" */ = {
			isa = XCConfigurationList;
			buildConfigurations = (
				AE7BEB902A4C412700310CC4 /* Debug */,
				AE7BEB912A4C412700310CC4 /* Release */,
			);
			defaultConfigurationIsVisible = 0;
			defaultConfigurationName = Release;
		};
		AE7BEB922A4C412700310CC4 /* Build configuration list for PBXNativeTarget "completion_testTests" */ = {
			isa = XCConfigurationList;
			buildConfigurations = (
				AE7BEB932A4C412700310CC4 /* Debug */,
				AE7BEB942A4C412700310CC4 /* Release */,
			);
			defaultConfigurationIsVisible = 0;
			defaultConfigurationName = Release;
		};
		AE7BEB952A4C412700310CC4 /* Build configuration list for PBXNativeTarget "completion_testUITests" */ = {
			isa = XCConfigurationList;
			buildConfigurations = (
				AE7BEB962A4C412700310CC4 /* Debug */,
				AE7BEB972A4C412700310CC4 /* Release */,
			);
			defaultConfigurationIsVisible = 0;
			defaultConfigurationName = Release;
		};
/* End XCConfigurationList section */
	};
	rootObject = AE7BEB632A4C412600310CC4 /* Project object */;
}
